# This is a Gradle generated file for dependency locking.
# Manual edits can break the build and are not advised.
# This file is expected to be part of source control.
org.springframework.boot:spring-boot-dependencies:2.2.6.RELEASE
org.springframework.cloud:spring-cloud-dependencies:Hoxton.SR3
org.springframework.data:spring-data-releasetrain:Moore-SR6
org.zalando:logbook-bom:2.1.0
