# This is a Gradle generated file for dependency locking.
# Manual edits can break the build and are not advised.
# This file is expected to be part of source control.
com.fasterxml.jackson.core:jackson-annotations:2.13.4=classpath
com.fasterxml.jackson.core:jackson-core:2.13.4=classpath
com.fasterxml.jackson.core:jackson-databind:2.13.4.2=classpath
com.fasterxml.jackson.module:jackson-module-parameter-names:2.13.4=classpath
com.fasterxml.jackson:jackson-bom:2.13.4=classpath
com.google.code.findbugs:jsr305:3.0.2=classpath
com.googlecode.javaewah:JavaEWAH:1.1.13=classpath
com.gorylenko.gradle-git-properties:gradle-git-properties:2.4.1=classpath
commons-codec:commons-codec:1.11=classpath
io.spring.gradle:dependency-management-plugin:1.0.15.RELEASE=classpath
net.java.dev.jna:jna-platform:5.7.0=classpath
net.java.dev.jna:jna:5.7.0=classpath
org.ajoberstar.grgit:grgit-core:5.0.0=classpath
org.ajoberstar.grgit:grgit-gradle:5.0.0=classpath
org.antlr:antlr4-runtime:4.7.2=classpath
org.apache.commons:commons-compress:1.21=classpath
org.apache.httpcomponents:httpclient:4.5.13=classpath
org.apache.httpcomponents:httpcore:4.4.13=classpath
org.eclipse.jgit:org.eclipse.jgit:6.0.0.202111291000-r=classpath
org.slf4j:slf4j-api:1.7.30=classpath
org.springframework.boot:spring-boot-buildpack-platform:2.7.5=classpath
org.springframework.boot:spring-boot-gradle-plugin:2.7.5=classpath
org.springframework.boot:spring-boot-loader-tools:2.7.5=classpath
org.springframework:spring-core:5.3.23=classpath
org.springframework:spring-jcl:5.3.23=classpath
org.tomlj:tomlj:1.0.0=classpath
empty=
