# This is a Gradle generated file for dependency locking.
# Manual edits can break the build and are not advised.
# This file is expected to be part of source control.
com.fasterxml.jackson.core:jackson-annotations:2.11.4=classpath
com.fasterxml.jackson.core:jackson-core:2.11.4=classpath
com.fasterxml.jackson.core:jackson-databind:2.11.4=classpath
com.fasterxml.jackson.module:jackson-module-parameter-names:2.11.4=classpath
com.googlecode.javaewah:JavaEWAH:1.1.7=classpath
com.gorylenko.gradle-git-properties:gradle-git-properties:2.3.1=classpath
commons-codec:commons-codec:1.11=classpath
commons-logging:commons-logging:1.2=classpath
io.spring.gradle:dependency-management-plugin:1.0.11.RELEASE=classpath
net.java.dev.jna:jna-platform:5.5.0=classpath
net.java.dev.jna:jna:5.5.0=classpath
org.ajoberstar.grgit:grgit-core:4.1.0=classpath
org.ajoberstar.grgit:grgit-gradle:4.1.0=classpath
org.apache.commons:commons-compress:1.20=classpath
org.apache.httpcomponents:httpclient:4.5.13=classpath
org.apache.httpcomponents:httpcore:4.4.13=classpath
org.eclipse.jgit:org.eclipse.jgit:5.11.1.202105131744-r=classpath
org.slf4j:slf4j-api:1.7.30=classpath
org.springframework.boot:spring-boot-buildpack-platform:2.4.5=classpath
org.springframework.boot:spring-boot-gradle-plugin:2.4.5=classpath
org.springframework.boot:spring-boot-loader-tools:2.4.5=classpath
org.springframework:spring-core:5.3.6=classpath
org.springframework:spring-jcl:5.3.6=classpath
empty=
