# This is a Gradle generated file for dependency locking.
# Manual edits can break the build and are not advised.
# This file is expected to be part of source control.
ch.qos.logback:logback-access:1.2.11=compileClasspath,default,runtimeClasspath,testCompileClasspath,testRuntimeClasspath
ch.qos.logback:logback-classic:1.2.11=compileClasspath
ch.qos.logback:logback-core:1.2.11=compileClasspath,default,runtimeClasspath,testCompileClasspath,testRuntimeClasspath
com.fasterxml.jackson.core:jackson-annotations:2.13.3=compileClasspath
com.fasterxml.jackson.core:jackson-core:2.13.3=compileClasspath
com.fasterxml.jackson.core:jackson-databind:2.13.3=compileClasspath
com.fasterxml.jackson.dataformat:jackson-dataformat-yaml:2.13.3=compileClasspath
com.fasterxml.jackson:jackson-bom:2.13.3=compileClasspath
com.google.code.findbugs:jsr305:3.0.2=compileClasspath,default,runtimeClasspath,testCompileClasspath,testRuntimeClasspath
com.google.errorprone:error_prone_annotations:2.11.0=compileClasspath,default,runtimeClasspath,testCompileClasspath,testRuntimeClasspath
com.google.guava:failureaccess:1.0.1=compileClasspath,default,runtimeClasspath,testCompileClasspath,testRuntimeClasspath
com.google.guava:guava:31.1-jre=compileClasspath,default,runtimeClasspath,testCompileClasspath,testRuntimeClasspath
com.google.guava:listenablefuture:9999.0-empty-to-avoid-conflict-with-guava=compileClasspath,default,runtimeClasspath,testCompileClasspath,testRuntimeClasspath
com.google.j2objc:j2objc-annotations:1.3=compileClasspath,default,runtimeClasspath,testCompileClasspath,testRuntimeClasspath
com.tdunning:t-digest:3.2=compileClasspath
com.wavefront:wavefront-internal-reporter-java:1.7.11=compileClasspath
com.wavefront:wavefront-opentracing-sdk-java:2.2.0=compileClasspath
com.wavefront:wavefront-runtime-sdk-jvm:1.3.9=compileClasspath
com.wavefront:wavefront-sdk-java:3.0.2=compileClasspath
com.wavefront:wavefront-spring-boot-bom:2.3.0=annotationProcessor,compileClasspath,default,runtimeClasspath,testCompileClasspath,testRuntimeClasspath
com.wavefront:wavefront-spring-boot-starter:2.3.0=compileClasspath
com.wavefront:wavefront-spring-boot:2.3.0=compileClasspath
io.micrometer:micrometer-core:1.9.2=compileClasspath
io.micrometer:micrometer-registry-wavefront:1.9.2=compileClasspath
io.zipkin.aws:brave-propagation-aws:0.21.3=compileClasspath
io.zipkin.brave:brave-context-slf4j:5.13.9=compileClasspath
io.zipkin.brave:brave-instrumentation-http:5.13.9=compileClasspath
io.zipkin.brave:brave-instrumentation-httpasyncclient:5.13.9=compileClasspath
io.zipkin.brave:brave-instrumentation-httpclient:5.13.9=compileClasspath
io.zipkin.brave:brave-instrumentation-jms:5.13.9=compileClasspath
io.zipkin.brave:brave-instrumentation-kafka-clients:5.13.9=compileClasspath
io.zipkin.brave:brave-instrumentation-kafka-streams:5.13.9=compileClasspath
io.zipkin.brave:brave-instrumentation-messaging:5.13.9=compileClasspath
io.zipkin.brave:brave-instrumentation-mongodb:5.13.9=compileClasspath
io.zipkin.brave:brave-instrumentation-rpc:5.13.9=compileClasspath
io.zipkin.brave:brave-instrumentation-spring-rabbit:5.13.9=compileClasspath
io.zipkin.brave:brave:5.13.9=compileClasspath
io.zipkin.reporter2:zipkin-reporter-brave:2.16.3=compileClasspath
io.zipkin.reporter2:zipkin-reporter-metrics-micrometer:2.16.3=compileClasspath
io.zipkin.reporter2:zipkin-reporter:2.16.3=compileClasspath
io.zipkin.zipkin2:zipkin:2.23.2=compileClasspath
jakarta.annotation:jakarta.annotation-api:1.3.5=compileClasspath
org.apache.logging.log4j:log4j-api:2.17.2=compileClasspath
org.apache.logging.log4j:log4j-to-slf4j:2.17.2=compileClasspath
org.apache.tomcat.embed:tomcat-embed-core:9.0.65=compileClasspath,default,runtimeClasspath,testCompileClasspath,testRuntimeClasspath
org.apache.tomcat:tomcat-annotations-api:9.0.65=compileClasspath,default,runtimeClasspath,testCompileClasspath,testRuntimeClasspath
org.apiguardian:apiguardian-api:1.1.2=testCompileClasspath
org.aspectj:aspectjrt:1.9.7=compileClasspath
org.aspectj:aspectjweaver:1.9.7=compileClasspath
org.bouncycastle:bcpkix-jdk15on:1.68=compileClasspath
org.bouncycastle:bcprov-jdk15on:1.68=compileClasspath
org.checkerframework:checker-qual:3.12.0=compileClasspath,default,runtimeClasspath,testCompileClasspath,testRuntimeClasspath
org.hdrhistogram:HdrHistogram:2.1.12=compileClasspath
org.junit.jupiter:junit-jupiter-api:5.9.0=testCompileClasspath,testRuntimeClasspath
org.junit.jupiter:junit-jupiter-engine:5.9.0=testRuntimeClasspath
org.junit.jupiter:junit-jupiter-params:5.9.0=testCompileClasspath,testRuntimeClasspath
org.junit.platform:junit-platform-commons:1.9.0=testCompileClasspath,testRuntimeClasspath
org.junit.platform:junit-platform-engine:1.9.0=testRuntimeClasspath
org.junit:junit-bom:5.9.0=testCompileClasspath,testRuntimeClasspath
org.opentest4j:opentest4j:1.2.0=testCompileClasspath,testRuntimeClasspath
org.projectlombok:lombok:1.18.24=annotationProcessor,compileClasspath
org.slf4j:jul-to-slf4j:1.7.36=compileClasspath
org.slf4j:slf4j-api:1.7.36=compileClasspath,default,runtimeClasspath,testCompileClasspath,testRuntimeClasspath
org.springframework.boot:spring-boot-actuator-autoconfigure:2.7.2=compileClasspath
org.springframework.boot:spring-boot-actuator:2.7.2=compileClasspath,default,runtimeClasspath,testCompileClasspath,testRuntimeClasspath
org.springframework.boot:spring-boot-autoconfigure:2.7.2=compileClasspath
org.springframework.boot:spring-boot-dependencies:2.7.2=annotationProcessor,compileClasspath,default,runtimeClasspath,testCompileClasspath,testRuntimeClasspath
org.springframework.boot:spring-boot-starter-actuator:2.7.2=compileClasspath
org.springframework.boot:spring-boot-starter-aop:2.7.2=compileClasspath
org.springframework.boot:spring-boot-starter-logging:2.7.2=compileClasspath
org.springframework.boot:spring-boot-starter:2.7.2=compileClasspath
org.springframework.boot:spring-boot:2.7.2=compileClasspath,default,runtimeClasspath,testCompileClasspath,testRuntimeClasspath
org.springframework.cloud:spring-cloud-commons:3.1.3=compileClasspath
org.springframework.cloud:spring-cloud-context:3.1.3=compileClasspath
org.springframework.cloud:spring-cloud-dependencies:2021.0.3=annotationProcessor,compileClasspath,default,runtimeClasspath,testCompileClasspath,testRuntimeClasspath
org.springframework.cloud:spring-cloud-sleuth-api:3.1.3=compileClasspath
org.springframework.cloud:spring-cloud-sleuth-autoconfigure:3.1.3=compileClasspath
org.springframework.cloud:spring-cloud-sleuth-brave:3.1.3=compileClasspath
org.springframework.cloud:spring-cloud-sleuth-instrumentation:3.1.3=compileClasspath
org.springframework.cloud:spring-cloud-starter-sleuth:3.1.3=compileClasspath
org.springframework.cloud:spring-cloud-starter:3.1.3=compileClasspath
org.springframework.data:spring-data-bom:2021.2.2=annotationProcessor,compileClasspath,default,runtimeClasspath,testCompileClasspath,testRuntimeClasspath
org.springframework.security:spring-security-crypto:5.7.2=compileClasspath
org.springframework.security:spring-security-rsa:1.0.10.RELEASE=compileClasspath
org.springframework:spring-aop:5.3.22=compileClasspath,default,runtimeClasspath,testCompileClasspath,testRuntimeClasspath
org.springframework:spring-beans:5.3.22=compileClasspath,default,runtimeClasspath,testCompileClasspath,testRuntimeClasspath
org.springframework:spring-context:5.3.22=compileClasspath,default,runtimeClasspath,testCompileClasspath,testRuntimeClasspath
org.springframework:spring-core:5.3.22=compileClasspath,default,runtimeClasspath,testCompileClasspath,testRuntimeClasspath
org.springframework:spring-expression:5.3.22=compileClasspath,default,runtimeClasspath,testCompileClasspath,testRuntimeClasspath
org.springframework:spring-jcl:5.3.22=compileClasspath,default,runtimeClasspath,testCompileClasspath,testRuntimeClasspath
org.springframework:spring-web:5.3.22=compileClasspath,default,runtimeClasspath,testCompileClasspath,testRuntimeClasspath
org.yaml:snakeyaml:1.30=compileClasspath
org.zalando:logbook-bom:2.14.0=annotationProcessor,compileClasspath,default,runtimeClasspath,testCompileClasspath,testRuntimeClasspath
empty=archives,testAnnotationProcessor
