# This is a Gradle generated file for dependency locking.
# Manual edits can break the build and are not advised.
# This file is expected to be part of source control.
org.apiguardian:apiguardian-api:1.1.1=testCompileClasspath,testRuntimeClasspath
org.jetbrains.kotlin:kotlin-stdlib-common:1.4.32=testRuntimeClasspath
org.jetbrains.kotlin:kotlin-stdlib-jdk7:1.4.32=testRuntimeClasspath
org.jetbrains.kotlin:kotlin-stdlib-jdk8:1.4.32=testRuntimeClasspath
org.jetbrains.kotlin:kotlin-stdlib:1.4.32=testRuntimeClasspath
org.jetbrains:annotations:13.0=testRuntimeClasspath
org.junit.jupiter:junit-jupiter-api:5.8.0-M1=testCompileClasspath,testRuntimeClasspath
org.junit.jupiter:junit-jupiter-engine:5.8.0-M1=testRuntimeClasspath
org.junit.jupiter:junit-jupiter-params:5.8.0-M1=testCompileClasspath,testRuntimeClasspath
org.junit.platform:junit-platform-commons:1.8.0-M1=testCompileClasspath,testRuntimeClasspath
org.junit.platform:junit-platform-engine:1.8.0-M1=testRuntimeClasspath
org.junit:junit-bom:5.8.0-M1=testCompileClasspath,testRuntimeClasspath
org.opentest4j:opentest4j:1.2.0=testCompileClasspath,testRuntimeClasspath
org.projectlombok:lombok:1.18.20=annotationProcessor,compileClasspath
org.springframework.boot:spring-boot-dependencies:2.4.5=annotationProcessor,compileClasspath,default,runtimeClasspath,testCompileClasspath,testRuntimeClasspath
org.springframework.cloud:spring-cloud-dependencies:2020.0.2=annotationProcessor,compileClasspath,default,runtimeClasspath,testCompileClasspath,testRuntimeClasspath
org.springframework.data:spring-data-bom:2021.0.1=annotationProcessor,compileClasspath,default,runtimeClasspath,testCompileClasspath,testRuntimeClasspath
org.zalando:logbook-bom:2.9.0=annotationProcessor,compileClasspath,default,runtimeClasspath,testCompileClasspath,testRuntimeClasspath
empty=archives,testAnnotationProcessor
