# This is a Gradle generated file for dependency locking.
# Manual edits can break the build and are not advised.
# This file is expected to be part of source control.
javax.validation:validation-api:2.0.1.Final
org.apiguardian:apiguardian-api:1.1.0
org.junit.jupiter:junit-jupiter-api:5.6.1
org.junit.platform:junit-platform-commons:1.6.1
org.junit:junit-bom:5.6.1
org.opentest4j:opentest4j:1.2.0
org.springframework.boot:spring-boot-dependencies:2.2.5.RELEASE
org.springframework.cloud:spring-cloud-dependencies:Hoxton.SR3
org.springframework.data:spring-data-releasetrain:Moore-SR5
org.zalando:logbook-bom:2.0.0
