# This is a Gradle generated file for dependency locking.
# Manual edits can break the build and are not advised.
# This file is expected to be part of source control.
antlr:antlr:2.7.7=compileClasspath,default,runtimeClasspath,testCompileClasspath,testRuntimeClasspath
ch.qos.logback:logback-access:1.2.3=default,runtimeClasspath,testRuntimeClasspath
ch.qos.logback:logback-classic:1.2.3=compileClasspath,default,runtimeClasspath,testCompileClasspath,testRuntimeClasspath
ch.qos.logback:logback-core:1.2.3=compileClasspath,default,runtimeClasspath,testCompileClasspath,testRuntimeClasspath
com.fasterxml.jackson.core:jackson-annotations:2.10.3=compileClasspath,default,runtimeClasspath,testCompileClasspath,testRuntimeClasspath
com.fasterxml.jackson.core:jackson-core:2.10.3=compileClasspath,default,runtimeClasspath,testCompileClasspath,testRuntimeClasspath
com.fasterxml.jackson.core:jackson-databind:2.10.3=compileClasspath,default,runtimeClasspath,testCompileClasspath,testRuntimeClasspath
com.fasterxml.jackson.datatype:jackson-datatype-jdk8:2.10.3=compileClasspath,default,runtimeClasspath,testCompileClasspath,testRuntimeClasspath
com.fasterxml.jackson.datatype:jackson-datatype-jsr310:2.10.3=compileClasspath,default,runtimeClasspath,testCompileClasspath,testRuntimeClasspath
com.fasterxml.jackson.module:jackson-module-parameter-names:2.10.3=compileClasspath,default,runtimeClasspath,testCompileClasspath,testRuntimeClasspath
com.fasterxml:classmate:1.5.1=compileClasspath,default,runtimeClasspath,testCompileClasspath,testRuntimeClasspath
com.google.code.findbugs:jsr305:3.0.2=compileClasspath,default,runtimeClasspath,testCompileClasspath,testRuntimeClasspath
com.google.errorprone:error_prone_annotations:2.3.4=default,runtimeClasspath,testRuntimeClasspath
com.google.guava:failureaccess:1.0.1=default,runtimeClasspath,testRuntimeClasspath
com.google.guava:guava:29.0-jre=default,runtimeClasspath,testRuntimeClasspath
com.google.guava:listenablefuture:9999.0-empty-to-avoid-conflict-with-guava=default,runtimeClasspath,testRuntimeClasspath
com.google.j2objc:j2objc-annotations:1.3=default,runtimeClasspath,testRuntimeClasspath
com.googlecode.json-simple:json-simple:1.1.1=default,runtimeClasspath,testRuntimeClasspath
com.h2database:h2:1.4.200=default,runtimeClasspath,testRuntimeClasspath
com.jayway.jsonpath:json-path:2.4.0=compileClasspath,default,runtimeClasspath,testCompileClasspath,testRuntimeClasspath
com.sun.istack:istack-commons-runtime:3.0.8=compileClasspath,default,runtimeClasspath,testCompileClasspath,testRuntimeClasspath
com.sun.xml.fastinfoset:FastInfoset:1.2.16=compileClasspath,default,runtimeClasspath,testCompileClasspath,testRuntimeClasspath
com.vaadin.external.google:android-json:0.0.20131108.vaadin1=testCompileClasspath,testRuntimeClasspath
com.zaxxer:HikariCP:3.4.2=compileClasspath,default,runtimeClasspath,testCompileClasspath,testRuntimeClasspath
commons-codec:commons-codec:1.13=compileClasspath,default,runtimeClasspath,testCompileClasspath,testRuntimeClasspath
io.github.classgraph:classgraph:4.8.83=compileClasspath,default,runtimeClasspath,testCompileClasspath,testRuntimeClasspath
io.micrometer:micrometer-core:1.3.6=compileClasspath,default,runtimeClasspath,testCompileClasspath,testRuntimeClasspath
io.springfox:springfox-bean-validators:3.0.1-SNAPSHOT=compileClasspath,default,runtimeClasspath,testCompileClasspath,testRuntimeClasspath
io.springfox:springfox-core:3.0.1-SNAPSHOT=compileClasspath,default,runtimeClasspath,testCompileClasspath,testRuntimeClasspath
io.springfox:springfox-data-rest:3.0.1-SNAPSHOT=compileClasspath,default,runtimeClasspath,testCompileClasspath,testRuntimeClasspath
io.springfox:springfox-schema:3.0.1-SNAPSHOT=compileClasspath,default,runtimeClasspath,testCompileClasspath,testRuntimeClasspath
io.springfox:springfox-spi:3.0.1-SNAPSHOT=compileClasspath,default,runtimeClasspath,testCompileClasspath,testRuntimeClasspath
io.springfox:springfox-spring-web:3.0.1-SNAPSHOT=compileClasspath,default,runtimeClasspath,testCompileClasspath,testRuntimeClasspath
io.springfox:springfox-spring-webflux:3.0.1-SNAPSHOT=compileClasspath,default,runtimeClasspath,testCompileClasspath,testRuntimeClasspath
io.springfox:springfox-spring-webmvc:3.0.1-SNAPSHOT=compileClasspath,default,runtimeClasspath,testCompileClasspath,testRuntimeClasspath
io.springfox:springfox-swagger-common:3.0.1-SNAPSHOT=compileClasspath,default,runtimeClasspath,testCompileClasspath,testRuntimeClasspath
io.springfox:springfox-swagger-ui:3.0.1-SNAPSHOT=compileClasspath,default,runtimeClasspath,testCompileClasspath,testRuntimeClasspath
io.springfox:springfox-swagger2:3.0.1-SNAPSHOT=compileClasspath,default,runtimeClasspath,testCompileClasspath,testRuntimeClasspath
io.swagger.core.v3:swagger-annotations:2.1.2=compileClasspath,default,runtimeClasspath,testCompileClasspath,testRuntimeClasspath
io.swagger:swagger-annotations:1.5.20=compileClasspath,default,runtimeClasspath,testCompileClasspath,testRuntimeClasspath
io.swagger:swagger-models:1.5.20=compileClasspath,default,runtimeClasspath,testCompileClasspath,testRuntimeClasspath
io.zipkin.brave:brave-context-log4j2:5.10.1=compileClasspath,default,runtimeClasspath,testCompileClasspath,testRuntimeClasspath
io.zipkin.brave:brave-instrumentation-http:5.10.1=compileClasspath,default,runtimeClasspath,testCompileClasspath,testRuntimeClasspath
io.zipkin.brave:brave-instrumentation-httpasyncclient:5.10.1=compileClasspath,default,runtimeClasspath,testCompileClasspath,testRuntimeClasspath
io.zipkin.brave:brave-instrumentation-httpclient:5.10.1=compileClasspath,default,runtimeClasspath,testCompileClasspath,testRuntimeClasspath
io.zipkin.brave:brave-instrumentation-jms:5.10.1=compileClasspath,default,runtimeClasspath,testCompileClasspath,testRuntimeClasspath
io.zipkin.brave:brave-instrumentation-kafka-clients:5.10.1=compileClasspath,default,runtimeClasspath,testCompileClasspath,testRuntimeClasspath
io.zipkin.brave:brave-instrumentation-kafka-streams:5.10.1=compileClasspath,default,runtimeClasspath,testCompileClasspath,testRuntimeClasspath
io.zipkin.brave:brave-instrumentation-messaging:5.10.1=compileClasspath,default,runtimeClasspath,testCompileClasspath,testRuntimeClasspath
io.zipkin.brave:brave-instrumentation-rpc:5.10.1=compileClasspath,default,runtimeClasspath,testCompileClasspath,testRuntimeClasspath
io.zipkin.brave:brave-instrumentation-servlet:5.10.1=compileClasspath,default,runtimeClasspath,testCompileClasspath,testRuntimeClasspath
io.zipkin.brave:brave-instrumentation-spring-rabbit:5.10.1=compileClasspath,default,runtimeClasspath,testCompileClasspath,testRuntimeClasspath
io.zipkin.brave:brave-instrumentation-spring-web:5.10.1=compileClasspath,default,runtimeClasspath,testCompileClasspath,testRuntimeClasspath
io.zipkin.brave:brave-instrumentation-spring-webmvc:5.10.1=compileClasspath,default,runtimeClasspath,testCompileClasspath,testRuntimeClasspath
io.zipkin.brave:brave:5.10.1=compileClasspath,default,runtimeClasspath,testCompileClasspath,testRuntimeClasspath
io.zipkin.reporter2:zipkin-reporter-metrics-micrometer:2.12.1=compileClasspath,default,runtimeClasspath,testCompileClasspath,testRuntimeClasspath
io.zipkin.reporter2:zipkin-reporter:2.12.1=compileClasspath,default,runtimeClasspath,testCompileClasspath,testRuntimeClasspath
io.zipkin.reporter2:zipkin-sender-activemq-client:2.12.1=compileClasspath,default,runtimeClasspath,testCompileClasspath,testRuntimeClasspath
io.zipkin.reporter2:zipkin-sender-amqp-client:2.12.1=compileClasspath,default,runtimeClasspath,testCompileClasspath,testRuntimeClasspath
io.zipkin.reporter2:zipkin-sender-kafka:2.12.1=compileClasspath,default,runtimeClasspath,testCompileClasspath,testRuntimeClasspath
io.zipkin.zipkin2:zipkin:2.19.3=compileClasspath,default,runtimeClasspath,testCompileClasspath,testRuntimeClasspath
jakarta.activation:jakarta.activation-api:1.2.2=compileClasspath,default,runtimeClasspath,testCompileClasspath,testRuntimeClasspath
jakarta.annotation:jakarta.annotation-api:1.3.5=compileClasspath,default,runtimeClasspath,testCompileClasspath,testRuntimeClasspath
jakarta.persistence:jakarta.persistence-api:2.2.3=compileClasspath,default,runtimeClasspath,testCompileClasspath,testRuntimeClasspath
jakarta.transaction:jakarta.transaction-api:1.3.3=compileClasspath,default,runtimeClasspath,testCompileClasspath,testRuntimeClasspath
jakarta.validation:jakarta.validation-api:2.0.2=compileClasspath,default,runtimeClasspath,testCompileClasspath,testRuntimeClasspath
jakarta.xml.bind:jakarta.xml.bind-api:2.3.3=compileClasspath,default,runtimeClasspath,testCompileClasspath,testRuntimeClasspath
javax.validation:validation-api:2.0.1.Final=default,runtimeClasspath,testRuntimeClasspath
net.bytebuddy:byte-buddy-agent:1.10.8=testCompileClasspath,testRuntimeClasspath
net.bytebuddy:byte-buddy:1.10.11=compileClasspath,default,runtimeClasspath,testCompileClasspath,testRuntimeClasspath
net.minidev:accessors-smart:1.2=compileClasspath,default,runtimeClasspath,testCompileClasspath,testRuntimeClasspath
net.minidev:json-smart:2.3=compileClasspath,default,runtimeClasspath,testCompileClasspath,testRuntimeClasspath
org.apache.httpcomponents:httpasyncclient:4.1.4=compileClasspath,default,runtimeClasspath,testCompileClasspath,testRuntimeClasspath
org.apache.httpcomponents:httpclient:4.5.12=compileClasspath,default,runtimeClasspath,testCompileClasspath,testRuntimeClasspath
org.apache.httpcomponents:httpcore-nio:4.4.13=compileClasspath,default,runtimeClasspath,testCompileClasspath,testRuntimeClasspath
org.apache.httpcomponents:httpcore:4.4.13=compileClasspath,default,runtimeClasspath,testCompileClasspath,testRuntimeClasspath
org.apache.logging.log4j:log4j-api:2.12.1=compileClasspath,default,runtimeClasspath,testCompileClasspath,testRuntimeClasspath
org.apache.logging.log4j:log4j-to-slf4j:2.12.1=compileClasspath,default,runtimeClasspath,testCompileClasspath,testRuntimeClasspath
org.apache.tomcat.embed:tomcat-embed-core:9.0.33=compileClasspath,default,runtimeClasspath,testCompileClasspath,testRuntimeClasspath
org.apache.tomcat.embed:tomcat-embed-el:9.0.33=compileClasspath,default,runtimeClasspath,testCompileClasspath,testRuntimeClasspath
org.apache.tomcat.embed:tomcat-embed-websocket:9.0.33=compileClasspath,default,runtimeClasspath,testCompileClasspath,testRuntimeClasspath
org.apache.tomcat:tomcat-annotations-api:9.0.33=compileClasspath,default,runtimeClasspath,testCompileClasspath,testRuntimeClasspath
org.apiguardian:apiguardian-api:1.1.0=compileClasspath,default,runtimeClasspath,testCompileClasspath,testRuntimeClasspath
org.aspectj:aspectjrt:1.9.5=compileClasspath,default,runtimeClasspath,testCompileClasspath,testRuntimeClasspath
org.aspectj:aspectjweaver:1.9.5=compileClasspath,default,runtimeClasspath,testCompileClasspath,testRuntimeClasspath
org.assertj:assertj-core:3.13.2=testCompileClasspath,testRuntimeClasspath
org.atteo:evo-inflector:1.2.2=compileClasspath,default,runtimeClasspath,testCompileClasspath,testRuntimeClasspath
org.bouncycastle:bcpkix-jdk15on:1.64=compileClasspath,default,runtimeClasspath,testCompileClasspath,testRuntimeClasspath
org.bouncycastle:bcprov-jdk15on:1.64=compileClasspath,default,runtimeClasspath,testCompileClasspath,testRuntimeClasspath
org.checkerframework:checker-qual:2.11.1=default,runtimeClasspath,testRuntimeClasspath
org.dom4j:dom4j:2.1.1=compileClasspath,default,runtimeClasspath,testCompileClasspath,testRuntimeClasspath
org.flywaydb:flyway-core:6.0.8=default,runtimeClasspath,testRuntimeClasspath
org.glassfish.jaxb:jaxb-runtime:2.3.2=compileClasspath,default,runtimeClasspath,testCompileClasspath,testRuntimeClasspath
org.glassfish.jaxb:txw2:2.3.2=compileClasspath,default,runtimeClasspath,testCompileClasspath,testRuntimeClasspath
org.hamcrest:hamcrest:2.2=testCompileClasspath,testRuntimeClasspath
org.hdrhistogram:HdrHistogram:2.1.11=compileClasspath,default,runtimeClasspath,testCompileClasspath,testRuntimeClasspath
org.hibernate.common:hibernate-commons-annotations:5.1.0.Final=compileClasspath,default,runtimeClasspath,testCompileClasspath,testRuntimeClasspath
org.hibernate.validator:hibernate-validator:6.0.18.Final=compileClasspath,default,runtimeClasspath,testCompileClasspath,testRuntimeClasspath
org.hibernate:hibernate-core:5.4.12.Final=compileClasspath,default,runtimeClasspath,testCompileClasspath,testRuntimeClasspath
org.javassist:javassist:3.24.0-GA=compileClasspath,default,runtimeClasspath,testCompileClasspath,testRuntimeClasspath
org.jboss.logging:jboss-logging:3.4.1.Final=compileClasspath,default,runtimeClasspath,testCompileClasspath,testRuntimeClasspath
org.jboss:jandex:2.1.1.Final=compileClasspath,default,runtimeClasspath,testCompileClasspath,testRuntimeClasspath
org.jolokia:jolokia-core:1.6.2=default,runtimeClasspath,testRuntimeClasspath
org.junit.jupiter:junit-jupiter-api:5.7.0=testCompileClasspath,testRuntimeClasspath
org.junit.jupiter:junit-jupiter-engine:5.7.0=testRuntimeClasspath
org.junit.jupiter:junit-jupiter-params:5.7.0=testCompileClasspath,testRuntimeClasspath
org.junit.jupiter:junit-jupiter:5.7.0=testCompileClasspath,testRuntimeClasspath
org.junit.platform:junit-platform-commons:1.7.0=testCompileClasspath,testRuntimeClasspath
org.junit.platform:junit-platform-engine:1.7.0=testRuntimeClasspath
org.junit:junit-bom:5.7.0=testCompileClasspath,testRuntimeClasspath
org.jvnet.staxex:stax-ex:1.8.1=compileClasspath,default,runtimeClasspath,testCompileClasspath,testRuntimeClasspath
org.latencyutils:LatencyUtils:2.0.3=compileClasspath,default,runtimeClasspath,testCompileClasspath,testRuntimeClasspath
org.mapstruct:mapstruct:1.3.1.Final=default,runtimeClasspath,testRuntimeClasspath
org.mockito:mockito-core:3.3.3=testCompileClasspath,testRuntimeClasspath
org.mockito:mockito-junit-jupiter:3.3.3=testCompileClasspath,testRuntimeClasspath
org.objenesis:objenesis:2.6=testCompileClasspath,testRuntimeClasspath
org.opentest4j:opentest4j:1.2.0=testCompileClasspath,testRuntimeClasspath
org.organicdesign:Paguro:3.1.2=compileClasspath,default,runtimeClasspath,testCompileClasspath,testRuntimeClasspath
org.ow2.asm:asm:5.0.4=compileClasspath,default,runtimeClasspath,testCompileClasspath,testRuntimeClasspath
org.projectlombok:lombok:1.18.12=annotationProcessor,compileClasspath,compileOnly
org.skyscreamer:jsonassert:1.5.0=testCompileClasspath,testRuntimeClasspath
org.slf4j:jul-to-slf4j:1.7.30=compileClasspath,default,runtimeClasspath,testCompileClasspath,testRuntimeClasspath
org.slf4j:slf4j-api:1.7.30=compileClasspath,default,runtimeClasspath,testCompileClasspath,testRuntimeClasspath
org.springframework.boot:spring-boot-actuator-autoconfigure:2.2.6.RELEASE=compileClasspath,default,runtimeClasspath,testCompileClasspath,testRuntimeClasspath
org.springframework.boot:spring-boot-actuator:2.2.6.RELEASE=compileClasspath,default,runtimeClasspath,testCompileClasspath,testRuntimeClasspath
org.springframework.boot:spring-boot-autoconfigure:2.2.6.RELEASE=compileClasspath,default,runtimeClasspath,testCompileClasspath,testRuntimeClasspath
org.springframework.boot:spring-boot-dependencies:2.2.6.RELEASE=annotationProcessor,compileClasspath,compileOnly,default,runtimeClasspath,testCompileClasspath,testRuntimeClasspath
org.springframework.boot:spring-boot-starter-actuator:2.2.6.RELEASE=compileClasspath,default,runtimeClasspath,testCompileClasspath,testRuntimeClasspath
org.springframework.boot:spring-boot-starter-aop:2.2.6.RELEASE=compileClasspath,default,runtimeClasspath,testCompileClasspath,testRuntimeClasspath
org.springframework.boot:spring-boot-starter-data-jpa:2.2.6.RELEASE=compileClasspath,default,runtimeClasspath,testCompileClasspath,testRuntimeClasspath
org.springframework.boot:spring-boot-starter-data-rest:2.2.6.RELEASE=compileClasspath,default,runtimeClasspath,testCompileClasspath,testRuntimeClasspath
org.springframework.boot:spring-boot-starter-hateoas:2.2.6.RELEASE=compileClasspath,default,runtimeClasspath,testCompileClasspath,testRuntimeClasspath
org.springframework.boot:spring-boot-starter-jdbc:2.2.6.RELEASE=compileClasspath,default,runtimeClasspath,testCompileClasspath,testRuntimeClasspath
org.springframework.boot:spring-boot-starter-json:2.2.6.RELEASE=compileClasspath,default,runtimeClasspath,testCompileClasspath,testRuntimeClasspath
org.springframework.boot:spring-boot-starter-logging:2.2.6.RELEASE=compileClasspath,default,runtimeClasspath,testCompileClasspath,testRuntimeClasspath
org.springframework.boot:spring-boot-starter-test:2.2.6.RELEASE=testCompileClasspath,testRuntimeClasspath
org.springframework.boot:spring-boot-starter-tomcat:2.2.6.RELEASE=compileClasspath,default,runtimeClasspath,testCompileClasspath,testRuntimeClasspath
org.springframework.boot:spring-boot-starter-validation:2.2.6.RELEASE=compileClasspath,default,runtimeClasspath,testCompileClasspath,testRuntimeClasspath
org.springframework.boot:spring-boot-starter-web:2.2.6.RELEASE=compileClasspath,default,runtimeClasspath,testCompileClasspath,testRuntimeClasspath
org.springframework.boot:spring-boot-starter:2.2.6.RELEASE=compileClasspath,default,runtimeClasspath,testCompileClasspath,testRuntimeClasspath
org.springframework.boot:spring-boot-test-autoconfigure:2.2.6.RELEASE=testCompileClasspath,testRuntimeClasspath
org.springframework.boot:spring-boot-test:2.2.6.RELEASE=testCompileClasspath,testRuntimeClasspath
org.springframework.boot:spring-boot:2.2.6.RELEASE=compileClasspath,default,runtimeClasspath,testCompileClasspath,testRuntimeClasspath
org.springframework.cloud:spring-cloud-commons:2.2.2.RELEASE=compileClasspath,default,runtimeClasspath,testCompileClasspath,testRuntimeClasspath
org.springframework.cloud:spring-cloud-context:2.2.2.RELEASE=compileClasspath,default,runtimeClasspath,testCompileClasspath,testRuntimeClasspath
org.springframework.cloud:spring-cloud-dependencies:Hoxton.SR3=annotationProcessor,compileClasspath,compileOnly,default,runtimeClasspath,testCompileClasspath,testRuntimeClasspath
org.springframework.cloud:spring-cloud-sleuth-core:2.2.2.RELEASE=compileClasspath,default,runtimeClasspath,testCompileClasspath,testRuntimeClasspath
org.springframework.cloud:spring-cloud-sleuth-zipkin:2.2.2.RELEASE=compileClasspath,default,runtimeClasspath,testCompileClasspath,testRuntimeClasspath
org.springframework.cloud:spring-cloud-starter-sleuth:2.2.2.RELEASE=compileClasspath,default,runtimeClasspath,testCompileClasspath,testRuntimeClasspath
org.springframework.cloud:spring-cloud-starter-zipkin:2.2.2.RELEASE=compileClasspath,default,runtimeClasspath,testCompileClasspath,testRuntimeClasspath
org.springframework.cloud:spring-cloud-starter:2.2.2.RELEASE=compileClasspath,default,runtimeClasspath,testCompileClasspath,testRuntimeClasspath
org.springframework.data:spring-data-commons:2.2.6.RELEASE=compileClasspath,default,runtimeClasspath,testCompileClasspath,testRuntimeClasspath
org.springframework.data:spring-data-jpa:2.2.6.RELEASE=compileClasspath,default,runtimeClasspath,testCompileClasspath,testRuntimeClasspath
org.springframework.data:spring-data-releasetrain:Moore-SR6=annotationProcessor,compileClasspath,compileOnly,default,runtimeClasspath,testCompileClasspath,testRuntimeClasspath
org.springframework.data:spring-data-rest-core:3.2.6.RELEASE=compileClasspath,default,runtimeClasspath,testCompileClasspath,testRuntimeClasspath
org.springframework.data:spring-data-rest-hal-explorer:3.2.6.RELEASE=compileClasspath,default,runtimeClasspath,testCompileClasspath,testRuntimeClasspath
org.springframework.data:spring-data-rest-webmvc:3.2.6.RELEASE=compileClasspath,default,runtimeClasspath,testCompileClasspath,testRuntimeClasspath
org.springframework.hateoas:spring-hateoas:1.0.4.RELEASE=compileClasspath,default,runtimeClasspath,testCompileClasspath,testRuntimeClasspath
org.springframework.plugin:spring-plugin-core:2.0.0.RELEASE=compileClasspath,default,runtimeClasspath,testCompileClasspath,testRuntimeClasspath
org.springframework.plugin:spring-plugin-metadata:2.0.0.RELEASE=compileClasspath,default,runtimeClasspath,testCompileClasspath,testRuntimeClasspath
org.springframework.security:spring-security-crypto:5.2.2.RELEASE=compileClasspath,default,runtimeClasspath,testCompileClasspath,testRuntimeClasspath
org.springframework.security:spring-security-rsa:1.0.9.RELEASE=compileClasspath,default,runtimeClasspath,testCompileClasspath,testRuntimeClasspath
org.springframework:spring-aop:5.2.5.RELEASE=compileClasspath,default,runtimeClasspath,testCompileClasspath,testRuntimeClasspath
org.springframework:spring-aspects:5.2.5.RELEASE=compileClasspath,default,runtimeClasspath,testCompileClasspath,testRuntimeClasspath
org.springframework:spring-beans:5.2.5.RELEASE=compileClasspath,default,runtimeClasspath,testCompileClasspath,testRuntimeClasspath
org.springframework:spring-context:5.2.5.RELEASE=compileClasspath,default,runtimeClasspath,testCompileClasspath,testRuntimeClasspath
org.springframework:spring-core:5.2.5.RELEASE=compileClasspath,default,runtimeClasspath,testCompileClasspath,testRuntimeClasspath
org.springframework:spring-expression:5.2.5.RELEASE=compileClasspath,default,runtimeClasspath,testCompileClasspath,testRuntimeClasspath
org.springframework:spring-jcl:5.2.5.RELEASE=compileClasspath,default,runtimeClasspath,testCompileClasspath,testRuntimeClasspath
org.springframework:spring-jdbc:5.2.5.RELEASE=compileClasspath,default,runtimeClasspath,testCompileClasspath,testRuntimeClasspath
org.springframework:spring-orm:5.2.5.RELEASE=compileClasspath,default,runtimeClasspath,testCompileClasspath,testRuntimeClasspath
org.springframework:spring-test:5.2.5.RELEASE=testCompileClasspath,testRuntimeClasspath
org.springframework:spring-tx:5.2.5.RELEASE=compileClasspath,default,runtimeClasspath,testCompileClasspath,testRuntimeClasspath
org.springframework:spring-web:5.2.5.RELEASE=compileClasspath,default,runtimeClasspath,testCompileClasspath,testRuntimeClasspath
org.springframework:spring-webmvc:5.2.5.RELEASE=compileClasspath,default,runtimeClasspath,testCompileClasspath,testRuntimeClasspath
org.xmlunit:xmlunit-core:2.6.4=testCompileClasspath,testRuntimeClasspath
org.yaml:snakeyaml:1.25=default,runtimeClasspath,testRuntimeClasspath
org.zalando:faux-pas:0.8.0=compileClasspath,default,runtimeClasspath,testCompileClasspath,testRuntimeClasspath
org.zalando:logbook-api:2.1.0=compileClasspath,default,runtimeClasspath,testCompileClasspath,testRuntimeClasspath
org.zalando:logbook-bom:2.1.0=annotationProcessor,compileClasspath,compileOnly,default,runtimeClasspath,testCompileClasspath,testRuntimeClasspath
org.zalando:logbook-common:2.1.0=compileClasspath,default,runtimeClasspath,testCompileClasspath,testRuntimeClasspath
org.zalando:logbook-core:2.1.0=compileClasspath,default,runtimeClasspath,testCompileClasspath,testRuntimeClasspath
org.zalando:logbook-httpclient:2.1.0=compileClasspath,default,runtimeClasspath,testCompileClasspath,testRuntimeClasspath
org.zalando:logbook-json:2.1.0=compileClasspath,default,runtimeClasspath,testCompileClasspath,testRuntimeClasspath
org.zalando:logbook-servlet:2.1.0=compileClasspath,default,runtimeClasspath,testCompileClasspath,testRuntimeClasspath
org.zalando:logbook-spring-boot-autoconfigure:2.1.0=compileClasspath,default,runtimeClasspath,testCompileClasspath,testRuntimeClasspath
org.zalando:logbook-spring-boot-starter:2.1.0=compileClasspath,default,runtimeClasspath,testCompileClasspath,testRuntimeClasspath
empty=archives,bootArchives,compile,runtime,testAnnotationProcessor,testCompile,testCompileOnly,testRuntime
