# This is a Gradle generated file for dependency locking.
# Manual edits can break the build and are not advised.
# This file is expected to be part of source control.
antlr:antlr:2.7.7=productionRuntimeClasspath,runtimeClasspath,testRuntimeClasspath
aopalliance:aopalliance:1.0=compileClasspath,productionRuntimeClasspath,runtimeClasspath,testCompileClasspath,testRuntimeClasspath
ch.qos.logback.access:logback-access-common:2.0.6=productionRuntimeClasspath,runtimeClasspath,testRuntimeClasspath
ch.qos.logback.access:logback-access-tomcat:2.0.6=productionRuntimeClasspath,runtimeClasspath,testRuntimeClasspath
ch.qos.logback:logback-classic:1.5.18=compileClasspath,productionRuntimeClasspath,runtimeClasspath,testCompileClasspath,testRuntimeClasspath
ch.qos.logback:logback-core:1.5.18=compileClasspath,productionRuntimeClasspath,runtimeClasspath,testCompileClasspath,testRuntimeClasspath
com.fasterxml.jackson.core:jackson-annotations:2.19.0=compileClasspath,productionRuntimeClasspath,runtimeClasspath,testCompileClasspath,testRuntimeClasspath
com.fasterxml.jackson.core:jackson-core:2.19.0=compileClasspath,productionRuntimeClasspath,runtimeClasspath,testCompileClasspath,testRuntimeClasspath
com.fasterxml.jackson.core:jackson-databind:2.19.0=compileClasspath,productionRuntimeClasspath,runtimeClasspath,testCompileClasspath,testRuntimeClasspath
com.fasterxml.jackson.dataformat:jackson-dataformat-toml:2.19.0=productionRuntimeClasspath,runtimeClasspath,testCompileClasspath,testRuntimeClasspath
com.fasterxml.jackson.dataformat:jackson-dataformat-yaml:2.19.0=compileClasspath,productionRuntimeClasspath,runtimeClasspath,testCompileClasspath,testRuntimeClasspath
com.fasterxml.jackson.datatype:jackson-datatype-jdk8:2.19.0=compileClasspath,productionRuntimeClasspath,runtimeClasspath,testCompileClasspath,testRuntimeClasspath
com.fasterxml.jackson.datatype:jackson-datatype-jsr310:2.19.0=compileClasspath,productionRuntimeClasspath,runtimeClasspath,testCompileClasspath,testRuntimeClasspath
com.fasterxml.jackson.module:jackson-module-parameter-names:2.19.0=compileClasspath,productionRuntimeClasspath,runtimeClasspath,testCompileClasspath,testRuntimeClasspath
com.fasterxml.jackson:jackson-bom:2.19.0=compileClasspath,productionRuntimeClasspath,runtimeClasspath,testCompileClasspath,testRuntimeClasspath
com.fasterxml:classmate:1.7.0=compileClasspath,productionRuntimeClasspath,runtimeClasspath,testCompileClasspath,testRuntimeClasspath
com.github.loki4j:loki-logback-appender:1.6.0=productionRuntimeClasspath,runtimeClasspath,testRuntimeClasspath
com.google.code.findbugs:jsr305:3.0.2=compileClasspath,productionRuntimeClasspath,runtimeClasspath,testCompileClasspath,testRuntimeClasspath
com.google.code.gson:gson:2.13.1=productionRuntimeClasspath,runtimeClasspath,testRuntimeClasspath
com.google.errorprone:error_prone_annotations:2.38.0=productionRuntimeClasspath,runtimeClasspath,testRuntimeClasspath
com.google.guava:failureaccess:1.0.3=productionRuntimeClasspath,runtimeClasspath,testRuntimeClasspath
com.google.guava:guava:33.4.8-jre=productionRuntimeClasspath,runtimeClasspath,testRuntimeClasspath
com.google.guava:listenablefuture:9999.0-empty-to-avoid-conflict-with-guava=productionRuntimeClasspath,runtimeClasspath,testRuntimeClasspath
com.google.j2objc:j2objc-annotations:3.0.0=productionRuntimeClasspath,runtimeClasspath,testRuntimeClasspath
com.googlecode.json-simple:json-simple:1.1.1=productionRuntimeClasspath,runtimeClasspath,testRuntimeClasspath
com.h2database:h2:2.3.232=productionRuntimeClasspath,runtimeClasspath,testRuntimeClasspath
com.jayway.jsonpath:json-path:2.9.0=compileClasspath,productionRuntimeClasspath,runtimeClasspath,testCompileClasspath,testRuntimeClasspath
com.mysql:mysql-connector-j:9.2.0=productionRuntimeClasspath,runtimeClasspath,testRuntimeClasspath
com.netflix.eureka:eureka-client:2.0.4=compileClasspath,productionRuntimeClasspath,runtimeClasspath,testCompileClasspath,testRuntimeClasspath
com.netflix.netflix-commons:netflix-eventbus:0.3.0=productionRuntimeClasspath,runtimeClasspath,testRuntimeClasspath
com.netflix.netflix-commons:netflix-infix:0.3.0=productionRuntimeClasspath,runtimeClasspath,testRuntimeClasspath
com.netflix.servo:servo-core:0.5.3=productionRuntimeClasspath,runtimeClasspath,testRuntimeClasspath
com.netflix.spectator:spectator-api:1.7.3=compileClasspath,productionRuntimeClasspath,runtimeClasspath,testCompileClasspath,testRuntimeClasspath
com.stoyanr:evictor:1.0.0=compileClasspath,productionRuntimeClasspath,runtimeClasspath,testCompileClasspath,testRuntimeClasspath
com.sun.istack:istack-commons-runtime:4.1.2=productionRuntimeClasspath,runtimeClasspath,testRuntimeClasspath
com.thoughtworks.xstream:xstream:1.4.20=compileClasspath,productionRuntimeClasspath,runtimeClasspath,testCompileClasspath,testRuntimeClasspath
com.vaadin.external.google:android-json:0.0.20131108.vaadin1=testCompileClasspath,testRuntimeClasspath
com.zaxxer:HikariCP:6.3.0=compileClasspath,productionRuntimeClasspath,runtimeClasspath,testCompileClasspath,testRuntimeClasspath
commons-codec:commons-codec:1.18.0=compileClasspath,productionRuntimeClasspath,runtimeClasspath,testCompileClasspath,testRuntimeClasspath
commons-configuration:commons-configuration:1.10=compileClasspath,productionRuntimeClasspath,runtimeClasspath,testCompileClasspath,testRuntimeClasspath
commons-jxpath:commons-jxpath:1.3=productionRuntimeClasspath,runtimeClasspath,testRuntimeClasspath
commons-lang:commons-lang:2.6=compileClasspath,productionRuntimeClasspath,runtimeClasspath,testCompileClasspath,testRuntimeClasspath
commons-logging:commons-logging:1.2=testCompileClasspath,testRuntimeClasspath
io.github.openfeign:feign-core:13.6=productionRuntimeClasspath,runtimeClasspath,testRuntimeClasspath
io.github.openfeign:feign-micrometer:13.6=productionRuntimeClasspath,runtimeClasspath,testRuntimeClasspath
io.github.x-stream:mxparser:1.2.2=compileClasspath,productionRuntimeClasspath,runtimeClasspath,testCompileClasspath,testRuntimeClasspath
io.micrometer:context-propagation:1.1.3=compileClasspath,productionRuntimeClasspath,runtimeClasspath,testCompileClasspath,testRuntimeClasspath
io.micrometer:micrometer-commons:1.15.0=compileClasspath,productionRuntimeClasspath,runtimeClasspath,testCompileClasspath,testRuntimeClasspath
io.micrometer:micrometer-core:1.15.0=compileClasspath,productionRuntimeClasspath,runtimeClasspath,testCompileClasspath,testRuntimeClasspath
io.micrometer:micrometer-jakarta9:1.15.0=compileClasspath,productionRuntimeClasspath,runtimeClasspath,testCompileClasspath,testRuntimeClasspath
io.micrometer:micrometer-observation:1.15.0=compileClasspath,productionRuntimeClasspath,runtimeClasspath,testCompileClasspath,testRuntimeClasspath
io.micrometer:micrometer-registry-prometheus:1.15.0=compileClasspath,productionRuntimeClasspath,runtimeClasspath,testCompileClasspath,testRuntimeClasspath
io.micrometer:micrometer-tracing-bridge-brave:1.5.0=compileClasspath,productionRuntimeClasspath,runtimeClasspath,testCompileClasspath,testRuntimeClasspath
io.micrometer:micrometer-tracing:1.5.0=compileClasspath,productionRuntimeClasspath,runtimeClasspath,testCompileClasspath,testRuntimeClasspath
io.projectreactor.addons:reactor-extra:3.5.2=compileClasspath,productionRuntimeClasspath,runtimeClasspath,testCompileClasspath,testRuntimeClasspath
io.projectreactor:reactor-core:3.7.6=compileClasspath,productionRuntimeClasspath,runtimeClasspath,testCompileClasspath,testRuntimeClasspath
io.prometheus:prometheus-metrics-config:1.3.6=compileClasspath,productionRuntimeClasspath,runtimeClasspath,testCompileClasspath,testRuntimeClasspath
io.prometheus:prometheus-metrics-core:1.3.6=compileClasspath,productionRuntimeClasspath,runtimeClasspath,testCompileClasspath,testRuntimeClasspath
io.prometheus:prometheus-metrics-exposition-formats:1.3.6=productionRuntimeClasspath,runtimeClasspath,testRuntimeClasspath
io.prometheus:prometheus-metrics-exposition-textformats:1.3.6=productionRuntimeClasspath,runtimeClasspath,testRuntimeClasspath
io.prometheus:prometheus-metrics-model:1.3.6=compileClasspath,productionRuntimeClasspath,runtimeClasspath,testCompileClasspath,testRuntimeClasspath
io.prometheus:prometheus-metrics-tracer-common:1.3.6=compileClasspath,productionRuntimeClasspath,runtimeClasspath,testCompileClasspath,testRuntimeClasspath
io.rest-assured:json-path:5.5.2=testCompileClasspath,testRuntimeClasspath
io.rest-assured:rest-assured-common:5.5.2=testCompileClasspath,testRuntimeClasspath
io.rest-assured:rest-assured:5.5.2=testCompileClasspath,testRuntimeClasspath
io.rest-assured:xml-path:5.5.2=testCompileClasspath,testRuntimeClasspath
io.smallrye:jandex:3.2.0=productionRuntimeClasspath,runtimeClasspath,testRuntimeClasspath
io.swagger.core.v3:swagger-annotations-jakarta:2.2.30=compileClasspath,productionRuntimeClasspath,runtimeClasspath,testCompileClasspath,testRuntimeClasspath
io.swagger.core.v3:swagger-core-jakarta:2.2.30=compileClasspath,productionRuntimeClasspath,runtimeClasspath,testCompileClasspath,testRuntimeClasspath
io.swagger.core.v3:swagger-models-jakarta:2.2.30=compileClasspath,productionRuntimeClasspath,runtimeClasspath,testCompileClasspath,testRuntimeClasspath
io.zipkin.aws:brave-propagation-aws:1.3.0=compileClasspath,productionRuntimeClasspath,runtimeClasspath,testCompileClasspath,testRuntimeClasspath
io.zipkin.brave:brave-context-slf4j:6.2.0=compileClasspath,productionRuntimeClasspath,runtimeClasspath,testCompileClasspath,testRuntimeClasspath
io.zipkin.brave:brave-instrumentation-http:6.2.0=compileClasspath,productionRuntimeClasspath,runtimeClasspath,testCompileClasspath,testRuntimeClasspath
io.zipkin.brave:brave:6.2.0=compileClasspath,productionRuntimeClasspath,runtimeClasspath,testCompileClasspath,testRuntimeClasspath
io.zipkin.contrib.brave-propagation-w3c:brave-propagation-tracecontext:0.2.0=compileClasspath,productionRuntimeClasspath,runtimeClasspath,testCompileClasspath,testRuntimeClasspath
io.zipkin.reporter2:zipkin-reporter-brave:3.5.0=compileClasspath,productionRuntimeClasspath,runtimeClasspath,testCompileClasspath,testRuntimeClasspath
io.zipkin.reporter2:zipkin-reporter:3.5.0=compileClasspath,productionRuntimeClasspath,runtimeClasspath,testCompileClasspath,testRuntimeClasspath
jakarta.activation:jakarta.activation-api:2.1.3=compileClasspath,productionRuntimeClasspath,runtimeClasspath,testCompileClasspath,testRuntimeClasspath
jakarta.annotation:jakarta.annotation-api:2.1.1=compileClasspath,productionRuntimeClasspath,runtimeClasspath,testCompileClasspath,testRuntimeClasspath
jakarta.inject:jakarta.inject-api:2.0.1=compileClasspath,productionRuntimeClasspath,runtimeClasspath,testCompileClasspath,testRuntimeClasspath
jakarta.persistence:jakarta.persistence-api:3.1.0=compileClasspath,productionRuntimeClasspath,runtimeClasspath,testCompileClasspath,testRuntimeClasspath
jakarta.transaction:jakarta.transaction-api:2.0.1=compileClasspath,productionRuntimeClasspath,runtimeClasspath,testCompileClasspath,testRuntimeClasspath
jakarta.validation:jakarta.validation-api:3.0.2=compileClasspath,testCompileClasspath
jakarta.validation:jakarta.validation-api:3.1.1=productionRuntimeClasspath,runtimeClasspath,testRuntimeClasspath
jakarta.ws.rs:jakarta.ws.rs-api:3.1.0=compileClasspath,productionRuntimeClasspath,runtimeClasspath,testCompileClasspath,testRuntimeClasspath
jakarta.xml.bind:jakarta.xml.bind-api:4.0.2=compileClasspath,productionRuntimeClasspath,runtimeClasspath,testCompileClasspath,testRuntimeClasspath
javax.annotation:javax.annotation-api:1.2=productionRuntimeClasspath,runtimeClasspath,testRuntimeClasspath
joda-time:joda-time:2.3=productionRuntimeClasspath,runtimeClasspath,testRuntimeClasspath
mysql:mysql-connector-java:8.0.33=productionRuntimeClasspath,runtimeClasspath,testRuntimeClasspath
net.bytebuddy:byte-buddy-agent:1.17.5=testCompileClasspath,testRuntimeClasspath
net.bytebuddy:byte-buddy:1.17.5=productionRuntimeClasspath,runtimeClasspath,testCompileClasspath,testRuntimeClasspath
net.minidev:accessors-smart:2.5.2=productionRuntimeClasspath,runtimeClasspath,testCompileClasspath,testRuntimeClasspath
net.minidev:json-smart:2.5.2=productionRuntimeClasspath,runtimeClasspath,testCompileClasspath,testRuntimeClasspath
net.ttddyy.observation:datasource-micrometer-spring-boot:1.1.1=compileClasspath,productionRuntimeClasspath,runtimeClasspath,testCompileClasspath,testRuntimeClasspath
net.ttddyy.observation:datasource-micrometer:1.1.1=compileClasspath,productionRuntimeClasspath,runtimeClasspath,testCompileClasspath,testRuntimeClasspath
net.ttddyy:datasource-proxy:1.10.1=compileClasspath,productionRuntimeClasspath,runtimeClasspath,testCompileClasspath,testRuntimeClasspath
org.antlr:antlr-runtime:3.4=productionRuntimeClasspath,runtimeClasspath,testRuntimeClasspath
org.antlr:antlr4-runtime:4.13.0=compileClasspath,productionRuntimeClasspath,runtimeClasspath,testCompileClasspath,testRuntimeClasspath
org.antlr:stringtemplate:3.2.1=productionRuntimeClasspath,runtimeClasspath,testRuntimeClasspath
org.apache.commons:commons-lang3:3.17.0=compileClasspath,productionRuntimeClasspath,runtimeClasspath,testCompileClasspath,testRuntimeClasspath
org.apache.commons:commons-math:2.2=productionRuntimeClasspath,runtimeClasspath,testRuntimeClasspath
org.apache.groovy:groovy-bom:4.0.26=testCompileClasspath,testRuntimeClasspath
org.apache.groovy:groovy-json:4.0.26=testCompileClasspath,testRuntimeClasspath
org.apache.groovy:groovy-xml:4.0.26=testCompileClasspath,testRuntimeClasspath
org.apache.groovy:groovy:4.0.26=testCompileClasspath,testRuntimeClasspath
org.apache.httpcomponents.client5:httpclient5:5.4.4=compileClasspath,productionRuntimeClasspath,runtimeClasspath,testCompileClasspath,testRuntimeClasspath
org.apache.httpcomponents.core5:httpcore5-h2:5.3.4=compileClasspath,productionRuntimeClasspath,runtimeClasspath,testCompileClasspath,testRuntimeClasspath
org.apache.httpcomponents.core5:httpcore5:5.3.4=compileClasspath,productionRuntimeClasspath,runtimeClasspath,testCompileClasspath,testRuntimeClasspath
org.apache.httpcomponents:httpclient:4.5.13=testCompileClasspath,testRuntimeClasspath
org.apache.httpcomponents:httpclient:4.5.3=compileClasspath,productionRuntimeClasspath,runtimeClasspath
org.apache.httpcomponents:httpcore:4.4.16=compileClasspath,productionRuntimeClasspath,runtimeClasspath,testCompileClasspath,testRuntimeClasspath
org.apache.httpcomponents:httpmime:4.5.13=testCompileClasspath,testRuntimeClasspath
org.apache.logging.log4j:log4j-api:2.24.3=compileClasspath,productionRuntimeClasspath,runtimeClasspath,testCompileClasspath,testRuntimeClasspath
org.apache.logging.log4j:log4j-to-slf4j:2.24.3=compileClasspath,productionRuntimeClasspath,runtimeClasspath,testCompileClasspath,testRuntimeClasspath
org.apache.tomcat.embed:tomcat-embed-core:10.1.41=compileClasspath,productionRuntimeClasspath,runtimeClasspath,testCompileClasspath,testRuntimeClasspath
org.apache.tomcat.embed:tomcat-embed-el:10.1.41=compileClasspath,productionRuntimeClasspath,runtimeClasspath,testCompileClasspath,testRuntimeClasspath
org.apache.tomcat.embed:tomcat-embed-websocket:10.1.41=compileClasspath,productionRuntimeClasspath,runtimeClasspath,testCompileClasspath,testRuntimeClasspath
org.apache.tomcat:tomcat-annotations-api:10.1.41=productionRuntimeClasspath,runtimeClasspath,testRuntimeClasspath
org.apiguardian:apiguardian-api:1.1.2=compileClasspath,productionRuntimeClasspath,runtimeClasspath,testCompileClasspath,testRuntimeClasspath
org.aspectj:aspectjweaver:1.9.24=compileClasspath,productionRuntimeClasspath,runtimeClasspath,testCompileClasspath,testRuntimeClasspath
org.assertj:assertj-core:3.27.3=testCompileClasspath,testRuntimeClasspath
org.atteo:evo-inflector:1.3=compileClasspath,productionRuntimeClasspath,runtimeClasspath,testCompileClasspath,testRuntimeClasspath
org.awaitility:awaitility:4.3.0=testCompileClasspath,testRuntimeClasspath
org.bouncycastle:bcprov-jdk18on:1.80=compileClasspath,productionRuntimeClasspath,runtimeClasspath,testCompileClasspath,testRuntimeClasspath
org.ccil.cowan.tagsoup:tagsoup:1.2.1=testCompileClasspath,testRuntimeClasspath
org.codehaus.jettison:jettison:1.5.4=productionRuntimeClasspath,runtimeClasspath,testRuntimeClasspath
org.eclipse.angus:angus-activation:2.0.2=productionRuntimeClasspath,runtimeClasspath,testRuntimeClasspath
org.flywaydb:flyway-core:11.7.2=productionRuntimeClasspath,runtimeClasspath,testCompileClasspath,testRuntimeClasspath
org.flywaydb:flyway-mysql:11.7.2=productionRuntimeClasspath,runtimeClasspath,testRuntimeClasspath
org.glassfish.jaxb:jaxb-core:4.0.5=productionRuntimeClasspath,runtimeClasspath,testRuntimeClasspath
org.glassfish.jaxb:jaxb-runtime:4.0.5=productionRuntimeClasspath,runtimeClasspath,testRuntimeClasspath
org.glassfish.jaxb:txw2:4.0.5=productionRuntimeClasspath,runtimeClasspath,testRuntimeClasspath
org.hamcrest:hamcrest:3.0=testCompileClasspath,testRuntimeClasspath
org.hdrhistogram:HdrHistogram:2.2.2=productionRuntimeClasspath,runtimeClasspath,testRuntimeClasspath
org.hibernate.common:hibernate-commons-annotations:7.0.3.Final=productionRuntimeClasspath,runtimeClasspath,testRuntimeClasspath
org.hibernate.orm:hibernate-core:6.6.15.Final=compileClasspath,productionRuntimeClasspath,runtimeClasspath,testCompileClasspath,testRuntimeClasspath
org.hibernate.validator:hibernate-validator:8.0.2.Final=compileClasspath,productionRuntimeClasspath,runtimeClasspath,testCompileClasspath,testRuntimeClasspath
org.jboss.logging:jboss-logging:3.6.1.Final=compileClasspath,productionRuntimeClasspath,runtimeClasspath,testCompileClasspath,testRuntimeClasspath
org.jolokia:jolokia-core:1.7.2=productionRuntimeClasspath,runtimeClasspath,testRuntimeClasspath
org.jspecify:jspecify:1.0.0=compileClasspath,productionRuntimeClasspath,runtimeClasspath,testCompileClasspath,testRuntimeClasspath
org.junit.jupiter:junit-jupiter-api:5.13.0=testCompileClasspath,testRuntimeClasspath
org.junit.jupiter:junit-jupiter-engine:5.13.0=testRuntimeClasspath
org.junit.jupiter:junit-jupiter-params:5.13.0=testCompileClasspath,testRuntimeClasspath
org.junit.jupiter:junit-jupiter:5.13.0=testCompileClasspath,testRuntimeClasspath
org.junit.platform:junit-platform-commons:1.13.0=testCompileClasspath,testRuntimeClasspath
org.junit.platform:junit-platform-engine:1.13.0=testRuntimeClasspath
org.junit.platform:junit-platform-launcher:1.13.0=testRuntimeClasspath
org.junit:junit-bom:5.13.0=testCompileClasspath,testRuntimeClasspath
org.latencyutils:LatencyUtils:2.0.3=productionRuntimeClasspath,runtimeClasspath,testRuntimeClasspath
org.mockito:mockito-core:5.17.0=testCompileClasspath,testRuntimeClasspath
org.mockito:mockito-junit-jupiter:5.17.0=testCompileClasspath,testRuntimeClasspath
org.objenesis:objenesis:3.3=testRuntimeClasspath
org.opentest4j:opentest4j:1.3.0=testCompileClasspath,testRuntimeClasspath
org.ow2.asm:asm:9.7.1=productionRuntimeClasspath,runtimeClasspath,testCompileClasspath,testRuntimeClasspath
org.projectlombok:lombok:1.18.38=annotationProcessor,compileClasspath
org.reactivestreams:reactive-streams:1.0.4=compileClasspath,productionRuntimeClasspath,runtimeClasspath,testCompileClasspath,testRuntimeClasspath
org.skyscreamer:jsonassert:1.5.3=testCompileClasspath,testRuntimeClasspath
org.slf4j:jul-to-slf4j:2.0.17=compileClasspath,productionRuntimeClasspath,runtimeClasspath,testCompileClasspath,testRuntimeClasspath
org.slf4j:slf4j-api:2.0.17=compileClasspath,productionRuntimeClasspath,runtimeClasspath,testCompileClasspath,testRuntimeClasspath
org.springdoc:springdoc-openapi-starter-common:2.8.8=compileClasspath,productionRuntimeClasspath,runtimeClasspath,testCompileClasspath,testRuntimeClasspath
org.springdoc:springdoc-openapi-starter-webmvc-api:2.8.8=compileClasspath,productionRuntimeClasspath,runtimeClasspath,testCompileClasspath,testRuntimeClasspath
org.springdoc:springdoc-openapi-starter-webmvc-ui:2.8.8=compileClasspath,productionRuntimeClasspath,runtimeClasspath,testCompileClasspath,testRuntimeClasspath
org.springframework.boot:spring-boot-actuator-autoconfigure:3.5.0=compileClasspath,productionRuntimeClasspath,runtimeClasspath,testCompileClasspath,testRuntimeClasspath
org.springframework.boot:spring-boot-actuator:3.5.0=compileClasspath,productionRuntimeClasspath,runtimeClasspath,testCompileClasspath,testRuntimeClasspath
org.springframework.boot:spring-boot-autoconfigure:3.5.0=compileClasspath,productionRuntimeClasspath,runtimeClasspath,testCompileClasspath,testRuntimeClasspath
org.springframework.boot:spring-boot-dependencies:3.5.0=annotationProcessor,compileClasspath,productionRuntimeClasspath,runtimeClasspath,testCompileClasspath,testRuntimeClasspath
org.springframework.boot:spring-boot-devtools:3.5.0=compileClasspath
org.springframework.boot:spring-boot-starter-actuator:3.5.0=compileClasspath,productionRuntimeClasspath,runtimeClasspath,testCompileClasspath,testRuntimeClasspath
org.springframework.boot:spring-boot-starter-cache:3.5.0=compileClasspath,productionRuntimeClasspath,runtimeClasspath,testCompileClasspath,testRuntimeClasspath
org.springframework.boot:spring-boot-starter-data-jpa:3.5.0=compileClasspath,productionRuntimeClasspath,runtimeClasspath,testCompileClasspath,testRuntimeClasspath
org.springframework.boot:spring-boot-starter-data-rest:3.5.0=compileClasspath,productionRuntimeClasspath,runtimeClasspath,testCompileClasspath,testRuntimeClasspath
org.springframework.boot:spring-boot-starter-hateoas:3.5.0=compileClasspath,productionRuntimeClasspath,runtimeClasspath,testCompileClasspath,testRuntimeClasspath
org.springframework.boot:spring-boot-starter-jdbc:3.5.0=compileClasspath,productionRuntimeClasspath,runtimeClasspath,testCompileClasspath,testRuntimeClasspath
org.springframework.boot:spring-boot-starter-json:3.5.0=compileClasspath,productionRuntimeClasspath,runtimeClasspath,testCompileClasspath,testRuntimeClasspath
org.springframework.boot:spring-boot-starter-logging:3.5.0=compileClasspath,productionRuntimeClasspath,runtimeClasspath,testCompileClasspath,testRuntimeClasspath
org.springframework.boot:spring-boot-starter-test:3.5.0=testCompileClasspath,testRuntimeClasspath
org.springframework.boot:spring-boot-starter-tomcat:3.5.0=compileClasspath,productionRuntimeClasspath,runtimeClasspath,testCompileClasspath,testRuntimeClasspath
org.springframework.boot:spring-boot-starter-validation:3.5.0=compileClasspath,productionRuntimeClasspath,runtimeClasspath,testCompileClasspath,testRuntimeClasspath
org.springframework.boot:spring-boot-starter-web:3.5.0=compileClasspath,productionRuntimeClasspath,runtimeClasspath,testCompileClasspath,testRuntimeClasspath
org.springframework.boot:spring-boot-starter:3.5.0=compileClasspath,productionRuntimeClasspath,runtimeClasspath,testCompileClasspath,testRuntimeClasspath
org.springframework.boot:spring-boot-test-autoconfigure:3.5.0=testCompileClasspath,testRuntimeClasspath
org.springframework.boot:spring-boot-test:3.5.0=testCompileClasspath,testRuntimeClasspath
org.springframework.boot:spring-boot:3.5.0=compileClasspath,productionRuntimeClasspath,runtimeClasspath,testCompileClasspath,testRuntimeClasspath
org.springframework.cloud:spring-cloud-commons:4.3.0=compileClasspath,productionRuntimeClasspath,runtimeClasspath,testCompileClasspath,testRuntimeClasspath
org.springframework.cloud:spring-cloud-context:4.3.0=compileClasspath,productionRuntimeClasspath,runtimeClasspath,testCompileClasspath,testRuntimeClasspath
org.springframework.cloud:spring-cloud-dependencies:2025.0.0=annotationProcessor,compileClasspath,productionRuntimeClasspath,runtimeClasspath,testCompileClasspath,testRuntimeClasspath
org.springframework.cloud:spring-cloud-loadbalancer:4.3.0=compileClasspath,productionRuntimeClasspath,runtimeClasspath,testCompileClasspath,testRuntimeClasspath
org.springframework.cloud:spring-cloud-netflix-eureka-client:4.3.0=compileClasspath,productionRuntimeClasspath,runtimeClasspath,testCompileClasspath,testRuntimeClasspath
org.springframework.cloud:spring-cloud-starter-loadbalancer:4.3.0=compileClasspath,productionRuntimeClasspath,runtimeClasspath,testCompileClasspath,testRuntimeClasspath
org.springframework.cloud:spring-cloud-starter-netflix-eureka-client:4.3.0=compileClasspath,productionRuntimeClasspath,runtimeClasspath,testCompileClasspath,testRuntimeClasspath
org.springframework.cloud:spring-cloud-starter:4.3.0=compileClasspath,productionRuntimeClasspath,runtimeClasspath,testCompileClasspath,testRuntimeClasspath
org.springframework.data:spring-data-bom:2025.0.0=annotationProcessor,compileClasspath,productionRuntimeClasspath,runtimeClasspath,testCompileClasspath,testRuntimeClasspath
org.springframework.data:spring-data-commons:3.5.0=compileClasspath,productionRuntimeClasspath,runtimeClasspath,testCompileClasspath,testRuntimeClasspath
org.springframework.data:spring-data-jpa:3.5.0=compileClasspath,productionRuntimeClasspath,runtimeClasspath,testCompileClasspath,testRuntimeClasspath
org.springframework.data:spring-data-rest-core:4.5.0=compileClasspath,productionRuntimeClasspath,runtimeClasspath,testCompileClasspath,testRuntimeClasspath
org.springframework.data:spring-data-rest-webmvc:4.5.0=compileClasspath,productionRuntimeClasspath,runtimeClasspath,testCompileClasspath,testRuntimeClasspath
org.springframework.hateoas:spring-hateoas:2.5.0=compileClasspath,productionRuntimeClasspath,runtimeClasspath,testCompileClasspath,testRuntimeClasspath
org.springframework.plugin:spring-plugin-core:3.0.0=compileClasspath,productionRuntimeClasspath,runtimeClasspath,testCompileClasspath,testRuntimeClasspath
org.springframework.security:spring-security-crypto:6.5.0=compileClasspath,productionRuntimeClasspath,runtimeClasspath,testCompileClasspath,testRuntimeClasspath
org.springframework:spring-aop:6.2.7=compileClasspath,productionRuntimeClasspath,runtimeClasspath,testCompileClasspath,testRuntimeClasspath
org.springframework:spring-aspects:6.2.7=compileClasspath,productionRuntimeClasspath,runtimeClasspath,testCompileClasspath,testRuntimeClasspath
org.springframework:spring-beans:6.2.7=compileClasspath,productionRuntimeClasspath,runtimeClasspath,testCompileClasspath,testRuntimeClasspath
org.springframework:spring-context-support:6.2.7=compileClasspath,productionRuntimeClasspath,runtimeClasspath,testCompileClasspath,testRuntimeClasspath
org.springframework:spring-context:6.2.7=compileClasspath,productionRuntimeClasspath,runtimeClasspath,testCompileClasspath,testRuntimeClasspath
org.springframework:spring-core:6.2.7=compileClasspath,productionRuntimeClasspath,runtimeClasspath,testCompileClasspath,testRuntimeClasspath
org.springframework:spring-expression:6.2.7=compileClasspath,productionRuntimeClasspath,runtimeClasspath,testCompileClasspath,testRuntimeClasspath
org.springframework:spring-jcl:6.2.7=compileClasspath,productionRuntimeClasspath,runtimeClasspath,testCompileClasspath,testRuntimeClasspath
org.springframework:spring-jdbc:6.2.7=compileClasspath,productionRuntimeClasspath,runtimeClasspath,testCompileClasspath,testRuntimeClasspath
org.springframework:spring-orm:6.2.7=compileClasspath,productionRuntimeClasspath,runtimeClasspath,testCompileClasspath,testRuntimeClasspath
org.springframework:spring-test:6.2.7=testCompileClasspath,testRuntimeClasspath
org.springframework:spring-tx:6.2.7=compileClasspath,productionRuntimeClasspath,runtimeClasspath,testCompileClasspath,testRuntimeClasspath
org.springframework:spring-web:6.2.7=compileClasspath,productionRuntimeClasspath,runtimeClasspath,testCompileClasspath,testRuntimeClasspath
org.springframework:spring-webmvc:6.2.7=compileClasspath,productionRuntimeClasspath,runtimeClasspath,testCompileClasspath,testRuntimeClasspath
org.webjars:swagger-ui:5.21.0=compileClasspath,productionRuntimeClasspath,runtimeClasspath,testCompileClasspath,testRuntimeClasspath
org.webjars:webjars-locator-lite:1.1.0=compileClasspath,productionRuntimeClasspath,runtimeClasspath,testCompileClasspath,testRuntimeClasspath
org.xmlunit:xmlunit-core:2.10.1=testCompileClasspath,testRuntimeClasspath
org.yaml:snakeyaml:2.4=compileClasspath,productionRuntimeClasspath,runtimeClasspath,testCompileClasspath,testRuntimeClasspath
org.zalando:faux-pas:0.9.0=compileClasspath,productionRuntimeClasspath,runtimeClasspath,testCompileClasspath,testRuntimeClasspath
org.zalando:logbook-api:3.12.1=compileClasspath,productionRuntimeClasspath,runtimeClasspath,testCompileClasspath,testRuntimeClasspath
org.zalando:logbook-common:3.12.1=compileClasspath,productionRuntimeClasspath,runtimeClasspath,testCompileClasspath,testRuntimeClasspath
org.zalando:logbook-core:3.12.1=compileClasspath,productionRuntimeClasspath,runtimeClasspath,testCompileClasspath,testRuntimeClasspath
org.zalando:logbook-json:3.12.1=compileClasspath,productionRuntimeClasspath,runtimeClasspath,testCompileClasspath,testRuntimeClasspath
org.zalando:logbook-servlet:3.12.1=compileClasspath,productionRuntimeClasspath,runtimeClasspath,testCompileClasspath,testRuntimeClasspath
org.zalando:logbook-spring-boot-autoconfigure:3.12.1=compileClasspath,productionRuntimeClasspath,runtimeClasspath,testCompileClasspath,testRuntimeClasspath
org.zalando:logbook-spring-boot-starter:3.12.1=compileClasspath,productionRuntimeClasspath,runtimeClasspath,testCompileClasspath,testRuntimeClasspath
org.zalando:logbook-spring:3.12.1=compileClasspath,productionRuntimeClasspath,runtimeClasspath,testCompileClasspath,testRuntimeClasspath
xmlpull:xmlpull:1.1.3.1=compileClasspath,productionRuntimeClasspath,runtimeClasspath,testCompileClasspath,testRuntimeClasspath
empty=developmentOnly,testAndDevelopmentOnly,testAnnotationProcessor
