# This is a Gradle generated file for dependency locking.
# Manual edits can break the build and are not advised.
# This file is expected to be part of source control.
antlr:antlr:2.7.7=compileClasspath,default,productionRuntimeClasspath,runtimeClasspath,testCompileClasspath,testRuntimeClasspath
aopalliance:aopalliance:1.0=compileClasspath,default,productionRuntimeClasspath,runtimeClasspath,testCompileClasspath,testRuntimeClasspath
ch.qos.logback:logback-access:1.2.3=default,productionRuntimeClasspath,runtimeClasspath,testRuntimeClasspath
ch.qos.logback:logback-classic:1.2.3=compileClasspath,default,productionRuntimeClasspath,runtimeClasspath,testCompileClasspath,testRuntimeClasspath
ch.qos.logback:logback-core:1.2.3=compileClasspath,default,productionRuntimeClasspath,runtimeClasspath,testCompileClasspath,testRuntimeClasspath
com.fasterxml.jackson.core:jackson-annotations:2.12.3=compileClasspath,default,productionRuntimeClasspath,runtimeClasspath,testCompileClasspath,testRuntimeClasspath
com.fasterxml.jackson.core:jackson-core:2.12.3=compileClasspath,default,productionRuntimeClasspath,runtimeClasspath,testCompileClasspath,testRuntimeClasspath
com.fasterxml.jackson.core:jackson-databind:2.12.3=compileClasspath,default,productionRuntimeClasspath,runtimeClasspath,testCompileClasspath,testRuntimeClasspath
com.fasterxml.jackson.datatype:jackson-datatype-jdk8:2.12.3=compileClasspath,default,productionRuntimeClasspath,runtimeClasspath,testCompileClasspath,testRuntimeClasspath
com.fasterxml.jackson.datatype:jackson-datatype-jsr310:2.12.3=compileClasspath,default,productionRuntimeClasspath,runtimeClasspath,testCompileClasspath,testRuntimeClasspath
com.fasterxml.jackson.module:jackson-module-parameter-names:2.12.3=compileClasspath,default,productionRuntimeClasspath,runtimeClasspath,testCompileClasspath,testRuntimeClasspath
com.fasterxml.jackson:jackson-bom:2.12.3=compileClasspath,default,productionRuntimeClasspath,runtimeClasspath,testCompileClasspath,testRuntimeClasspath
com.fasterxml.woodstox:woodstox-core:6.2.1=compileClasspath,default,productionRuntimeClasspath,runtimeClasspath,testCompileClasspath,testRuntimeClasspath
com.fasterxml:classmate:1.5.1=compileClasspath,default,productionRuntimeClasspath,runtimeClasspath,testCompileClasspath,testRuntimeClasspath
com.google.code.findbugs:jsr305:3.0.2=compileClasspath,default,productionRuntimeClasspath,runtimeClasspath,testCompileClasspath,testRuntimeClasspath
com.google.code.gson:gson:2.8.7=default,productionRuntimeClasspath,runtimeClasspath,testRuntimeClasspath
com.google.errorprone:error_prone_annotations:2.5.1=compileClasspath,default,productionRuntimeClasspath,runtimeClasspath,testCompileClasspath,testRuntimeClasspath
com.google.guava:failureaccess:1.0.1=compileClasspath,default,productionRuntimeClasspath,runtimeClasspath,testCompileClasspath,testRuntimeClasspath
com.google.guava:guava:30.1.1-jre=compileClasspath,default,productionRuntimeClasspath,runtimeClasspath,testCompileClasspath,testRuntimeClasspath
com.google.guava:listenablefuture:9999.0-empty-to-avoid-conflict-with-guava=compileClasspath,default,productionRuntimeClasspath,runtimeClasspath,testCompileClasspath,testRuntimeClasspath
com.google.inject:guice:4.1.0=compileClasspath,default,productionRuntimeClasspath,runtimeClasspath,testCompileClasspath,testRuntimeClasspath
com.google.j2objc:j2objc-annotations:1.3=compileClasspath,default,productionRuntimeClasspath,runtimeClasspath,testCompileClasspath,testRuntimeClasspath
com.googlecode.json-simple:json-simple:1.1.1=default,productionRuntimeClasspath,runtimeClasspath,testRuntimeClasspath
com.h2database:h2:1.4.200=default,productionRuntimeClasspath,runtimeClasspath,testRuntimeClasspath
com.jayway.jsonpath:json-path:2.6.0=compileClasspath,default,productionRuntimeClasspath,runtimeClasspath,testCompileClasspath,testRuntimeClasspath
com.netflix.eureka:eureka-client:1.10.14=compileClasspath,default,productionRuntimeClasspath,runtimeClasspath,testCompileClasspath,testRuntimeClasspath
com.netflix.eureka:eureka-core:1.10.14=compileClasspath,default,productionRuntimeClasspath,runtimeClasspath,testCompileClasspath,testRuntimeClasspath
com.netflix.netflix-commons:netflix-eventbus:0.3.0=compileClasspath,default,productionRuntimeClasspath,runtimeClasspath,testCompileClasspath,testRuntimeClasspath
com.netflix.netflix-commons:netflix-infix:0.3.0=default,productionRuntimeClasspath,runtimeClasspath,testRuntimeClasspath
com.netflix.servo:servo-core:0.12.21=compileClasspath,default,productionRuntimeClasspath,runtimeClasspath,testCompileClasspath,testRuntimeClasspath
com.stoyanr:evictor:1.0.0=compileClasspath,default,productionRuntimeClasspath,runtimeClasspath,testCompileClasspath,testRuntimeClasspath
com.sun.activation:jakarta.activation:1.2.2=default,productionRuntimeClasspath,runtimeClasspath,testRuntimeClasspath
com.sun.istack:istack-commons-runtime:3.0.12=compileClasspath,default,productionRuntimeClasspath,runtimeClasspath,testCompileClasspath,testRuntimeClasspath
com.sun.jersey.contribs:jersey-apache-client4:1.19.1=compileClasspath,default,productionRuntimeClasspath,runtimeClasspath,testCompileClasspath,testRuntimeClasspath
com.sun.jersey:jersey-client:1.19.1=compileClasspath,default,productionRuntimeClasspath,runtimeClasspath,testCompileClasspath,testRuntimeClasspath
com.sun.jersey:jersey-core:1.19.1=compileClasspath,default,productionRuntimeClasspath,runtimeClasspath,testCompileClasspath,testRuntimeClasspath
com.thoughtworks.xstream:xstream:1.4.16=compileClasspath,default,productionRuntimeClasspath,runtimeClasspath,testCompileClasspath,testRuntimeClasspath
com.vaadin.external.google:android-json:0.0.20131108.vaadin1=testCompileClasspath,testRuntimeClasspath
com.zaxxer:HikariCP:4.0.3=compileClasspath,default,productionRuntimeClasspath,runtimeClasspath,testCompileClasspath,testRuntimeClasspath
commons-codec:commons-codec:1.15=compileClasspath,default,productionRuntimeClasspath,runtimeClasspath,testCompileClasspath,testRuntimeClasspath
commons-configuration:commons-configuration:1.10=compileClasspath,default,productionRuntimeClasspath,runtimeClasspath,testCompileClasspath,testRuntimeClasspath
commons-jxpath:commons-jxpath:1.3=default,productionRuntimeClasspath,runtimeClasspath,testRuntimeClasspath
commons-lang:commons-lang:2.6=compileClasspath,default,productionRuntimeClasspath,runtimeClasspath,testCompileClasspath,testRuntimeClasspath
io.github.classgraph:classgraph:4.8.83=compileClasspath,default,productionRuntimeClasspath,runtimeClasspath,testCompileClasspath,testRuntimeClasspath
io.github.x-stream:mxparser:1.2.1=compileClasspath,default,productionRuntimeClasspath,runtimeClasspath,testCompileClasspath,testRuntimeClasspath
io.micrometer:micrometer-core:1.7.1=compileClasspath,default,productionRuntimeClasspath,runtimeClasspath,testCompileClasspath,testRuntimeClasspath
io.micrometer:micrometer-registry-prometheus:1.7.1=compileClasspath,default,productionRuntimeClasspath,runtimeClasspath,testCompileClasspath,testRuntimeClasspath
io.projectreactor.addons:reactor-extra:3.4.3=compileClasspath,default,productionRuntimeClasspath,runtimeClasspath,testCompileClasspath,testRuntimeClasspath
io.projectreactor:reactor-core:3.4.7=compileClasspath,default,productionRuntimeClasspath,runtimeClasspath,testCompileClasspath,testRuntimeClasspath
io.prometheus:simpleclient:0.10.0=compileClasspath,default,productionRuntimeClasspath,runtimeClasspath,testCompileClasspath,testRuntimeClasspath
io.prometheus:simpleclient_common:0.10.0=compileClasspath,default,productionRuntimeClasspath,runtimeClasspath,testCompileClasspath,testRuntimeClasspath
io.springfox:springfox-bean-validators:3.0.0=compileClasspath,default,productionRuntimeClasspath,runtimeClasspath,testCompileClasspath,testRuntimeClasspath
io.springfox:springfox-boot-starter:3.0.0=compileClasspath,default,productionRuntimeClasspath,runtimeClasspath,testCompileClasspath,testRuntimeClasspath
io.springfox:springfox-core:3.0.0=compileClasspath,default,productionRuntimeClasspath,runtimeClasspath,testCompileClasspath,testRuntimeClasspath
io.springfox:springfox-data-rest:3.0.0=compileClasspath,default,productionRuntimeClasspath,runtimeClasspath,testCompileClasspath,testRuntimeClasspath
io.springfox:springfox-oas:3.0.0=compileClasspath,default,productionRuntimeClasspath,runtimeClasspath,testCompileClasspath,testRuntimeClasspath
io.springfox:springfox-schema:3.0.0=compileClasspath,default,productionRuntimeClasspath,runtimeClasspath,testCompileClasspath,testRuntimeClasspath
io.springfox:springfox-spi:3.0.0=compileClasspath,default,productionRuntimeClasspath,runtimeClasspath,testCompileClasspath,testRuntimeClasspath
io.springfox:springfox-spring-web:3.0.0=compileClasspath,default,productionRuntimeClasspath,runtimeClasspath,testCompileClasspath,testRuntimeClasspath
io.springfox:springfox-spring-webflux:3.0.0=compileClasspath,default,productionRuntimeClasspath,runtimeClasspath,testCompileClasspath,testRuntimeClasspath
io.springfox:springfox-spring-webmvc:3.0.0=compileClasspath,default,productionRuntimeClasspath,runtimeClasspath,testCompileClasspath,testRuntimeClasspath
io.springfox:springfox-swagger-common:3.0.0=compileClasspath,default,productionRuntimeClasspath,runtimeClasspath,testCompileClasspath,testRuntimeClasspath
io.springfox:springfox-swagger-ui:3.0.0=compileClasspath,default,productionRuntimeClasspath,runtimeClasspath,testCompileClasspath,testRuntimeClasspath
io.springfox:springfox-swagger2:3.0.0=compileClasspath,default,productionRuntimeClasspath,runtimeClasspath,testCompileClasspath,testRuntimeClasspath
io.swagger.core.v3:swagger-annotations:2.1.2=compileClasspath,default,productionRuntimeClasspath,runtimeClasspath,testCompileClasspath,testRuntimeClasspath
io.swagger.core.v3:swagger-models:2.1.2=compileClasspath,default,productionRuntimeClasspath,runtimeClasspath,testCompileClasspath,testRuntimeClasspath
io.swagger:swagger-annotations:1.5.20=compileClasspath,default,productionRuntimeClasspath,runtimeClasspath,testCompileClasspath,testRuntimeClasspath
io.swagger:swagger-models:1.5.20=compileClasspath,default,productionRuntimeClasspath,runtimeClasspath,testCompileClasspath,testRuntimeClasspath
io.zipkin.aws:brave-propagation-aws:0.21.3=compileClasspath,default,productionRuntimeClasspath,runtimeClasspath,testCompileClasspath,testRuntimeClasspath
io.zipkin.brave:brave-context-slf4j:5.13.2=compileClasspath,default,productionRuntimeClasspath,runtimeClasspath,testCompileClasspath,testRuntimeClasspath
io.zipkin.brave:brave-instrumentation-http:5.13.2=compileClasspath,default,productionRuntimeClasspath,runtimeClasspath,testCompileClasspath,testRuntimeClasspath
io.zipkin.brave:brave-instrumentation-httpasyncclient:5.13.2=compileClasspath,default,productionRuntimeClasspath,runtimeClasspath,testCompileClasspath,testRuntimeClasspath
io.zipkin.brave:brave-instrumentation-httpclient:5.13.2=compileClasspath,default,productionRuntimeClasspath,runtimeClasspath,testCompileClasspath,testRuntimeClasspath
io.zipkin.brave:brave-instrumentation-jms:5.13.2=compileClasspath,default,productionRuntimeClasspath,runtimeClasspath,testCompileClasspath,testRuntimeClasspath
io.zipkin.brave:brave-instrumentation-kafka-clients:5.13.2=compileClasspath,default,productionRuntimeClasspath,runtimeClasspath,testCompileClasspath,testRuntimeClasspath
io.zipkin.brave:brave-instrumentation-kafka-streams:5.13.2=compileClasspath,default,productionRuntimeClasspath,runtimeClasspath,testCompileClasspath,testRuntimeClasspath
io.zipkin.brave:brave-instrumentation-messaging:5.13.2=compileClasspath,default,productionRuntimeClasspath,runtimeClasspath,testCompileClasspath,testRuntimeClasspath
io.zipkin.brave:brave-instrumentation-mongodb:5.13.2=compileClasspath,default,productionRuntimeClasspath,runtimeClasspath,testCompileClasspath,testRuntimeClasspath
io.zipkin.brave:brave-instrumentation-p6spy:5.13.2=compileClasspath,default,productionRuntimeClasspath,runtimeClasspath,testCompileClasspath,testRuntimeClasspath
io.zipkin.brave:brave-instrumentation-rpc:5.13.2=compileClasspath,default,productionRuntimeClasspath,runtimeClasspath,testCompileClasspath,testRuntimeClasspath
io.zipkin.brave:brave-instrumentation-spring-rabbit:5.13.2=compileClasspath,default,productionRuntimeClasspath,runtimeClasspath,testCompileClasspath,testRuntimeClasspath
io.zipkin.brave:brave:5.13.2=compileClasspath,default,productionRuntimeClasspath,runtimeClasspath,testCompileClasspath,testRuntimeClasspath
io.zipkin.reporter2:zipkin-reporter-brave:2.16.1=compileClasspath,default,productionRuntimeClasspath,runtimeClasspath,testCompileClasspath,testRuntimeClasspath
io.zipkin.reporter2:zipkin-reporter-metrics-micrometer:2.16.1=compileClasspath,default,productionRuntimeClasspath,runtimeClasspath,testCompileClasspath,testRuntimeClasspath
io.zipkin.reporter2:zipkin-reporter:2.16.1=compileClasspath,default,productionRuntimeClasspath,runtimeClasspath,testCompileClasspath,testRuntimeClasspath
io.zipkin.reporter2:zipkin-sender-activemq-client:2.16.1=compileClasspath,default,productionRuntimeClasspath,runtimeClasspath,testCompileClasspath,testRuntimeClasspath
io.zipkin.reporter2:zipkin-sender-amqp-client:2.16.1=compileClasspath,default,productionRuntimeClasspath,runtimeClasspath,testCompileClasspath,testRuntimeClasspath
io.zipkin.reporter2:zipkin-sender-kafka:2.16.1=compileClasspath,default,productionRuntimeClasspath,runtimeClasspath,testCompileClasspath,testRuntimeClasspath
io.zipkin.zipkin2:zipkin:2.23.0=compileClasspath,default,productionRuntimeClasspath,runtimeClasspath,testCompileClasspath,testRuntimeClasspath
jakarta.activation:jakarta.activation-api:1.2.2=testCompileClasspath,testRuntimeClasspath
jakarta.annotation:jakarta.annotation-api:1.3.5=compileClasspath,default,productionRuntimeClasspath,runtimeClasspath,testCompileClasspath,testRuntimeClasspath
jakarta.persistence:jakarta.persistence-api:2.2.3=compileClasspath,default,productionRuntimeClasspath,runtimeClasspath,testCompileClasspath,testRuntimeClasspath
jakarta.transaction:jakarta.transaction-api:1.3.3=compileClasspath,default,productionRuntimeClasspath,runtimeClasspath,testCompileClasspath,testRuntimeClasspath
jakarta.validation:jakarta.validation-api:2.0.2=compileClasspath,default,productionRuntimeClasspath,runtimeClasspath,testCompileClasspath,testRuntimeClasspath
jakarta.xml.bind:jakarta.xml.bind-api:2.3.3=compileClasspath,default,productionRuntimeClasspath,runtimeClasspath,testCompileClasspath,testRuntimeClasspath
javax.inject:javax.inject:1=compileClasspath,default,productionRuntimeClasspath,runtimeClasspath,testCompileClasspath,testRuntimeClasspath
javax.validation:validation-api:2.0.1.Final=default,productionRuntimeClasspath,runtimeClasspath,testRuntimeClasspath
javax.ws.rs:jsr311-api:1.1.1=compileClasspath,default,productionRuntimeClasspath,runtimeClasspath,testCompileClasspath,testRuntimeClasspath
joda-time:joda-time:2.3=default,productionRuntimeClasspath,runtimeClasspath,testRuntimeClasspath
net.bytebuddy:byte-buddy-agent:1.11.2=testCompileClasspath,testRuntimeClasspath
net.bytebuddy:byte-buddy:1.10.22=compileClasspath,default,productionRuntimeClasspath,runtimeClasspath
net.bytebuddy:byte-buddy:1.11.2=testCompileClasspath,testRuntimeClasspath
net.minidev:accessors-smart:2.4.7=compileClasspath,default,productionRuntimeClasspath,runtimeClasspath,testCompileClasspath,testRuntimeClasspath
net.minidev:json-smart:2.4.7=compileClasspath,default,productionRuntimeClasspath,runtimeClasspath,testCompileClasspath,testRuntimeClasspath
org.antlr:antlr-runtime:3.4=default,productionRuntimeClasspath,runtimeClasspath,testRuntimeClasspath
org.antlr:stringtemplate:3.2.1=default,productionRuntimeClasspath,runtimeClasspath,testRuntimeClasspath
org.apache.commons:commons-math:2.2=default,productionRuntimeClasspath,runtimeClasspath,testRuntimeClasspath
org.apache.httpcomponents:httpasyncclient:4.1.4=compileClasspath,default,productionRuntimeClasspath,runtimeClasspath,testCompileClasspath,testRuntimeClasspath
org.apache.httpcomponents:httpclient:4.5.13=compileClasspath,default,productionRuntimeClasspath,runtimeClasspath,testCompileClasspath,testRuntimeClasspath
org.apache.httpcomponents:httpcore-nio:4.4.14=compileClasspath,default,productionRuntimeClasspath,runtimeClasspath,testCompileClasspath,testRuntimeClasspath
org.apache.httpcomponents:httpcore:4.4.14=compileClasspath,default,productionRuntimeClasspath,runtimeClasspath,testCompileClasspath,testRuntimeClasspath
org.apache.logging.log4j:log4j-api:2.14.1=compileClasspath,default,productionRuntimeClasspath,runtimeClasspath,testCompileClasspath,testRuntimeClasspath
org.apache.logging.log4j:log4j-to-slf4j:2.14.1=compileClasspath,default,productionRuntimeClasspath,runtimeClasspath,testCompileClasspath,testRuntimeClasspath
org.apache.tomcat.embed:tomcat-embed-core:9.0.48=compileClasspath,default,productionRuntimeClasspath,runtimeClasspath,testCompileClasspath,testRuntimeClasspath
org.apache.tomcat.embed:tomcat-embed-el:9.0.48=compileClasspath,default,productionRuntimeClasspath,runtimeClasspath,testCompileClasspath,testRuntimeClasspath
org.apache.tomcat.embed:tomcat-embed-websocket:9.0.48=compileClasspath,default,productionRuntimeClasspath,runtimeClasspath,testCompileClasspath,testRuntimeClasspath
org.apache.tomcat:tomcat-annotations-api:9.0.48=default,productionRuntimeClasspath,runtimeClasspath,testRuntimeClasspath
org.apiguardian:apiguardian-api:1.1.1=compileClasspath,default,productionRuntimeClasspath,runtimeClasspath,testCompileClasspath,testRuntimeClasspath
org.aspectj:aspectjrt:1.9.6=compileClasspath,default,productionRuntimeClasspath,runtimeClasspath,testCompileClasspath,testRuntimeClasspath
org.aspectj:aspectjweaver:1.9.6=compileClasspath,default,productionRuntimeClasspath,runtimeClasspath,testCompileClasspath,testRuntimeClasspath
org.assertj:assertj-core:3.20.1=testCompileClasspath,testRuntimeClasspath
org.atteo:evo-inflector:1.2.2=compileClasspath,default,productionRuntimeClasspath,runtimeClasspath,testCompileClasspath,testRuntimeClasspath
org.bouncycastle:bcpkix-jdk15on:1.68=compileClasspath,default,productionRuntimeClasspath,runtimeClasspath,testCompileClasspath,testRuntimeClasspath
org.bouncycastle:bcprov-jdk15on:1.68=compileClasspath,default,productionRuntimeClasspath,runtimeClasspath,testCompileClasspath,testRuntimeClasspath
org.checkerframework:checker-qual:3.8.0=compileClasspath,default,productionRuntimeClasspath,runtimeClasspath,testCompileClasspath,testRuntimeClasspath
org.codehaus.jettison:jettison:1.4.0=default,productionRuntimeClasspath,runtimeClasspath,testRuntimeClasspath
org.codehaus.woodstox:stax2-api:4.2.1=compileClasspath,default,productionRuntimeClasspath,runtimeClasspath,testCompileClasspath,testRuntimeClasspath
org.dom4j:dom4j:2.1.3=compileClasspath,default,productionRuntimeClasspath,runtimeClasspath,testCompileClasspath,testRuntimeClasspath
org.flywaydb:flyway-core:7.7.3=default,productionRuntimeClasspath,runtimeClasspath,testRuntimeClasspath
org.glassfish.jaxb:jaxb-runtime:2.3.4=compileClasspath,default,productionRuntimeClasspath,runtimeClasspath,testCompileClasspath,testRuntimeClasspath
org.glassfish.jaxb:txw2:2.3.4=compileClasspath,default,productionRuntimeClasspath,runtimeClasspath,testCompileClasspath,testRuntimeClasspath
org.hamcrest:hamcrest:2.2=testCompileClasspath,testRuntimeClasspath
org.hdrhistogram:HdrHistogram:2.1.12=compileClasspath,default,productionRuntimeClasspath,runtimeClasspath,testCompileClasspath,testRuntimeClasspath
org.hibernate.common:hibernate-commons-annotations:5.1.2.Final=compileClasspath,default,productionRuntimeClasspath,runtimeClasspath,testCompileClasspath,testRuntimeClasspath
org.hibernate.validator:hibernate-validator:6.2.0.Final=compileClasspath,default,productionRuntimeClasspath,runtimeClasspath,testCompileClasspath,testRuntimeClasspath
org.hibernate:hibernate-core:5.4.32.Final=compileClasspath,default,productionRuntimeClasspath,runtimeClasspath,testCompileClasspath,testRuntimeClasspath
org.javassist:javassist:3.27.0-GA=compileClasspath,default,productionRuntimeClasspath,runtimeClasspath,testCompileClasspath,testRuntimeClasspath
org.jboss.logging:jboss-logging:3.4.2.Final=compileClasspath,default,productionRuntimeClasspath,runtimeClasspath,testCompileClasspath,testRuntimeClasspath
org.jboss:jandex:2.2.3.Final=compileClasspath,default,productionRuntimeClasspath,runtimeClasspath,testCompileClasspath,testRuntimeClasspath
org.jetbrains.kotlin:kotlin-stdlib-common:1.5.20=testRuntimeClasspath
org.jetbrains.kotlin:kotlin-stdlib-jdk7:1.5.20=testRuntimeClasspath
org.jetbrains.kotlin:kotlin-stdlib-jdk8:1.5.20=testRuntimeClasspath
org.jetbrains.kotlin:kotlin-stdlib:1.5.20=testRuntimeClasspath
org.jetbrains:annotations:13.0=testRuntimeClasspath
org.jolokia:jolokia-core:1.6.2=default,productionRuntimeClasspath,runtimeClasspath,testRuntimeClasspath
org.junit.jupiter:junit-jupiter-api:5.8.0-M1=testCompileClasspath,testRuntimeClasspath
org.junit.jupiter:junit-jupiter-engine:5.8.0-M1=testRuntimeClasspath
org.junit.jupiter:junit-jupiter-params:5.8.0-M1=testCompileClasspath,testRuntimeClasspath
org.junit.jupiter:junit-jupiter:5.8.0-M1=testCompileClasspath,testRuntimeClasspath
org.junit.platform:junit-platform-commons:1.8.0-M1=testCompileClasspath,testRuntimeClasspath
org.junit.platform:junit-platform-engine:1.8.0-M1=testRuntimeClasspath
org.junit:junit-bom:5.8.0-M1=testCompileClasspath,testRuntimeClasspath
org.latencyutils:LatencyUtils:2.0.3=default,productionRuntimeClasspath,runtimeClasspath,testRuntimeClasspath
org.mapstruct:mapstruct:1.3.1.Final=default,productionRuntimeClasspath,runtimeClasspath,testRuntimeClasspath
org.mockito:mockito-core:3.11.1=testCompileClasspath,testRuntimeClasspath
org.mockito:mockito-junit-jupiter:3.11.1=testCompileClasspath,testRuntimeClasspath
org.objenesis:objenesis:3.2=testCompileClasspath,testRuntimeClasspath
org.opentest4j:opentest4j:1.2.0=testCompileClasspath,testRuntimeClasspath
org.organicdesign:Paguro:3.1.4=compileClasspath,default,productionRuntimeClasspath,runtimeClasspath,testCompileClasspath,testRuntimeClasspath
org.ow2.asm:asm:9.1=compileClasspath,default,productionRuntimeClasspath,runtimeClasspath,testCompileClasspath,testRuntimeClasspath
org.projectlombok:lombok:1.18.20=annotationProcessor,compileClasspath
org.reactivestreams:reactive-streams:1.0.3=compileClasspath,default,productionRuntimeClasspath,runtimeClasspath,testCompileClasspath,testRuntimeClasspath
org.skyscreamer:jsonassert:1.5.0=testCompileClasspath,testRuntimeClasspath
org.slf4j:jul-to-slf4j:1.7.31=compileClasspath,default,productionRuntimeClasspath,runtimeClasspath,testCompileClasspath,testRuntimeClasspath
org.slf4j:slf4j-api:1.7.31=compileClasspath,default,productionRuntimeClasspath,runtimeClasspath,testCompileClasspath,testRuntimeClasspath
org.springframework.boot:spring-boot-actuator-autoconfigure:2.5.2=compileClasspath,default,productionRuntimeClasspath,runtimeClasspath,testCompileClasspath,testRuntimeClasspath
org.springframework.boot:spring-boot-actuator:2.5.2=compileClasspath,default,productionRuntimeClasspath,runtimeClasspath,testCompileClasspath,testRuntimeClasspath
org.springframework.boot:spring-boot-autoconfigure:2.5.2=compileClasspath,default,productionRuntimeClasspath,runtimeClasspath,testCompileClasspath,testRuntimeClasspath
org.springframework.boot:spring-boot-dependencies:2.5.2=annotationProcessor,compileClasspath,default,productionRuntimeClasspath,runtimeClasspath,testCompileClasspath,testRuntimeClasspath
org.springframework.boot:spring-boot-devtools:2.5.2=compileClasspath
org.springframework.boot:spring-boot-starter-actuator:2.5.2=compileClasspath,default,productionRuntimeClasspath,runtimeClasspath,testCompileClasspath,testRuntimeClasspath
org.springframework.boot:spring-boot-starter-aop:2.5.2=compileClasspath,default,productionRuntimeClasspath,runtimeClasspath,testCompileClasspath,testRuntimeClasspath
org.springframework.boot:spring-boot-starter-cache:2.5.2=compileClasspath,default,productionRuntimeClasspath,runtimeClasspath,testCompileClasspath,testRuntimeClasspath
org.springframework.boot:spring-boot-starter-data-jpa:2.5.2=compileClasspath,default,productionRuntimeClasspath,runtimeClasspath,testCompileClasspath,testRuntimeClasspath
org.springframework.boot:spring-boot-starter-data-rest:2.5.2=compileClasspath,default,productionRuntimeClasspath,runtimeClasspath,testCompileClasspath,testRuntimeClasspath
org.springframework.boot:spring-boot-starter-hateoas:2.5.2=compileClasspath,default,productionRuntimeClasspath,runtimeClasspath,testCompileClasspath,testRuntimeClasspath
org.springframework.boot:spring-boot-starter-jdbc:2.5.2=compileClasspath,default,productionRuntimeClasspath,runtimeClasspath,testCompileClasspath,testRuntimeClasspath
org.springframework.boot:spring-boot-starter-json:2.5.2=compileClasspath,default,productionRuntimeClasspath,runtimeClasspath,testCompileClasspath,testRuntimeClasspath
org.springframework.boot:spring-boot-starter-logging:2.5.2=compileClasspath,default,productionRuntimeClasspath,runtimeClasspath,testCompileClasspath,testRuntimeClasspath
org.springframework.boot:spring-boot-starter-test:2.5.2=testCompileClasspath,testRuntimeClasspath
org.springframework.boot:spring-boot-starter-tomcat:2.5.2=compileClasspath,default,productionRuntimeClasspath,runtimeClasspath,testCompileClasspath,testRuntimeClasspath
org.springframework.boot:spring-boot-starter-validation:2.5.2=compileClasspath,default,productionRuntimeClasspath,runtimeClasspath,testCompileClasspath,testRuntimeClasspath
org.springframework.boot:spring-boot-starter-web:2.5.2=compileClasspath,default,productionRuntimeClasspath,runtimeClasspath,testCompileClasspath,testRuntimeClasspath
org.springframework.boot:spring-boot-starter:2.5.2=compileClasspath,default,productionRuntimeClasspath,runtimeClasspath,testCompileClasspath,testRuntimeClasspath
org.springframework.boot:spring-boot-test-autoconfigure:2.5.2=testCompileClasspath,testRuntimeClasspath
org.springframework.boot:spring-boot-test:2.5.2=testCompileClasspath,testRuntimeClasspath
org.springframework.boot:spring-boot:2.5.2=compileClasspath,default,productionRuntimeClasspath,runtimeClasspath,testCompileClasspath,testRuntimeClasspath
org.springframework.cloud:spring-cloud-commons:3.0.3=compileClasspath,default,productionRuntimeClasspath,runtimeClasspath,testCompileClasspath,testRuntimeClasspath
org.springframework.cloud:spring-cloud-context:3.0.3=compileClasspath,default,productionRuntimeClasspath,runtimeClasspath,testCompileClasspath,testRuntimeClasspath
org.springframework.cloud:spring-cloud-dependencies:2020.0.3=annotationProcessor,compileClasspath,default,productionRuntimeClasspath,runtimeClasspath,testCompileClasspath,testRuntimeClasspath
org.springframework.cloud:spring-cloud-loadbalancer:3.0.3=compileClasspath,default,productionRuntimeClasspath,runtimeClasspath,testCompileClasspath,testRuntimeClasspath
org.springframework.cloud:spring-cloud-netflix-eureka-client:3.0.3=compileClasspath,default,productionRuntimeClasspath,runtimeClasspath,testCompileClasspath,testRuntimeClasspath
org.springframework.cloud:spring-cloud-sleuth-api:3.0.3=compileClasspath,default,productionRuntimeClasspath,runtimeClasspath,testCompileClasspath,testRuntimeClasspath
org.springframework.cloud:spring-cloud-sleuth-autoconfigure:3.0.3=compileClasspath,default,productionRuntimeClasspath,runtimeClasspath,testCompileClasspath,testRuntimeClasspath
org.springframework.cloud:spring-cloud-sleuth-brave:3.0.3=compileClasspath,default,productionRuntimeClasspath,runtimeClasspath,testCompileClasspath,testRuntimeClasspath
org.springframework.cloud:spring-cloud-sleuth-instrumentation:3.0.3=compileClasspath,default,productionRuntimeClasspath,runtimeClasspath,testCompileClasspath,testRuntimeClasspath
org.springframework.cloud:spring-cloud-sleuth-zipkin:3.0.3=compileClasspath,default,productionRuntimeClasspath,runtimeClasspath,testCompileClasspath,testRuntimeClasspath
org.springframework.cloud:spring-cloud-starter-loadbalancer:3.0.3=compileClasspath,default,productionRuntimeClasspath,runtimeClasspath,testCompileClasspath,testRuntimeClasspath
org.springframework.cloud:spring-cloud-starter-netflix-eureka-client:3.0.3=compileClasspath,default,productionRuntimeClasspath,runtimeClasspath,testCompileClasspath,testRuntimeClasspath
org.springframework.cloud:spring-cloud-starter-sleuth:3.0.3=compileClasspath,default,productionRuntimeClasspath,runtimeClasspath,testCompileClasspath,testRuntimeClasspath
org.springframework.cloud:spring-cloud-starter:3.0.3=compileClasspath,default,productionRuntimeClasspath,runtimeClasspath,testCompileClasspath,testRuntimeClasspath
org.springframework.data:spring-data-bom:2021.0.2=annotationProcessor,compileClasspath,default,productionRuntimeClasspath,runtimeClasspath,testCompileClasspath,testRuntimeClasspath
org.springframework.data:spring-data-commons:2.5.2=compileClasspath,default,productionRuntimeClasspath,runtimeClasspath,testCompileClasspath,testRuntimeClasspath
org.springframework.data:spring-data-jpa:2.5.2=compileClasspath,default,productionRuntimeClasspath,runtimeClasspath,testCompileClasspath,testRuntimeClasspath
org.springframework.data:spring-data-rest-core:3.5.2=compileClasspath,default,productionRuntimeClasspath,runtimeClasspath,testCompileClasspath,testRuntimeClasspath
org.springframework.data:spring-data-rest-hal-explorer:3.5.2=compileClasspath,default,productionRuntimeClasspath,runtimeClasspath,testCompileClasspath,testRuntimeClasspath
org.springframework.data:spring-data-rest-webmvc:3.5.2=compileClasspath,default,productionRuntimeClasspath,runtimeClasspath,testCompileClasspath,testRuntimeClasspath
org.springframework.hateoas:spring-hateoas:1.3.2=compileClasspath,default,productionRuntimeClasspath,runtimeClasspath,testCompileClasspath,testRuntimeClasspath
org.springframework.plugin:spring-plugin-core:2.0.0.RELEASE=compileClasspath,default,productionRuntimeClasspath,runtimeClasspath,testCompileClasspath,testRuntimeClasspath
org.springframework.plugin:spring-plugin-metadata:2.0.0.RELEASE=compileClasspath,default,productionRuntimeClasspath,runtimeClasspath,testCompileClasspath,testRuntimeClasspath
org.springframework.security:spring-security-crypto:5.5.1=compileClasspath,default,productionRuntimeClasspath,runtimeClasspath,testCompileClasspath,testRuntimeClasspath
org.springframework.security:spring-security-rsa:1.0.10.RELEASE=compileClasspath,default,productionRuntimeClasspath,runtimeClasspath,testCompileClasspath,testRuntimeClasspath
org.springframework:spring-aop:5.3.8=compileClasspath,default,productionRuntimeClasspath,runtimeClasspath,testCompileClasspath,testRuntimeClasspath
org.springframework:spring-aspects:5.3.8=compileClasspath,default,productionRuntimeClasspath,runtimeClasspath,testCompileClasspath,testRuntimeClasspath
org.springframework:spring-beans:5.3.8=compileClasspath,default,productionRuntimeClasspath,runtimeClasspath,testCompileClasspath,testRuntimeClasspath
org.springframework:spring-context-support:5.3.8=compileClasspath,default,productionRuntimeClasspath,runtimeClasspath,testCompileClasspath,testRuntimeClasspath
org.springframework:spring-context:5.3.8=compileClasspath,default,productionRuntimeClasspath,runtimeClasspath,testCompileClasspath,testRuntimeClasspath
org.springframework:spring-core:5.3.8=compileClasspath,default,productionRuntimeClasspath,runtimeClasspath,testCompileClasspath,testRuntimeClasspath
org.springframework:spring-expression:5.3.8=compileClasspath,default,productionRuntimeClasspath,runtimeClasspath,testCompileClasspath,testRuntimeClasspath
org.springframework:spring-jcl:5.3.8=compileClasspath,default,productionRuntimeClasspath,runtimeClasspath,testCompileClasspath,testRuntimeClasspath
org.springframework:spring-jdbc:5.3.8=compileClasspath,default,productionRuntimeClasspath,runtimeClasspath,testCompileClasspath,testRuntimeClasspath
org.springframework:spring-orm:5.3.8=compileClasspath,default,productionRuntimeClasspath,runtimeClasspath,testCompileClasspath,testRuntimeClasspath
org.springframework:spring-test:5.3.8=testCompileClasspath,testRuntimeClasspath
org.springframework:spring-tx:5.3.8=compileClasspath,default,productionRuntimeClasspath,runtimeClasspath,testCompileClasspath,testRuntimeClasspath
org.springframework:spring-web:5.3.8=compileClasspath,default,productionRuntimeClasspath,runtimeClasspath,testCompileClasspath,testRuntimeClasspath
org.springframework:spring-webmvc:5.3.8=compileClasspath,default,productionRuntimeClasspath,runtimeClasspath,testCompileClasspath,testRuntimeClasspath
org.xmlunit:xmlunit-core:2.8.2=testCompileClasspath,testRuntimeClasspath
org.yaml:snakeyaml:1.28=compileClasspath,default,productionRuntimeClasspath,runtimeClasspath,testCompileClasspath,testRuntimeClasspath
org.zalando:faux-pas:0.9.0=compileClasspath,default,productionRuntimeClasspath,runtimeClasspath,testCompileClasspath,testRuntimeClasspath
org.zalando:logbook-api:2.11.0=compileClasspath,default,productionRuntimeClasspath,runtimeClasspath,testCompileClasspath,testRuntimeClasspath
org.zalando:logbook-bom:2.11.0=annotationProcessor,compileClasspath,default,productionRuntimeClasspath,runtimeClasspath,testCompileClasspath,testRuntimeClasspath
org.zalando:logbook-common:2.11.0=compileClasspath,default,productionRuntimeClasspath,runtimeClasspath,testCompileClasspath,testRuntimeClasspath
org.zalando:logbook-core:2.11.0=compileClasspath,default,productionRuntimeClasspath,runtimeClasspath,testCompileClasspath,testRuntimeClasspath
org.zalando:logbook-httpclient:2.11.0=compileClasspath,default,productionRuntimeClasspath,runtimeClasspath,testCompileClasspath,testRuntimeClasspath
org.zalando:logbook-json:2.11.0=compileClasspath,default,productionRuntimeClasspath,runtimeClasspath,testCompileClasspath,testRuntimeClasspath
org.zalando:logbook-servlet:2.11.0=compileClasspath,default,productionRuntimeClasspath,runtimeClasspath,testCompileClasspath,testRuntimeClasspath
org.zalando:logbook-spring-boot-autoconfigure:2.11.0=compileClasspath,default,productionRuntimeClasspath,runtimeClasspath,testCompileClasspath,testRuntimeClasspath
org.zalando:logbook-spring-boot-starter:2.11.0=compileClasspath,default,productionRuntimeClasspath,runtimeClasspath,testCompileClasspath,testRuntimeClasspath
org.zalando:logbook-spring:2.11.0=compileClasspath,default,productionRuntimeClasspath,runtimeClasspath,testCompileClasspath,testRuntimeClasspath
p6spy:p6spy:3.9.1=compileClasspath,default,productionRuntimeClasspath,runtimeClasspath,testCompileClasspath,testRuntimeClasspath
xmlpull:xmlpull:1.1.3.1=compileClasspath,default,productionRuntimeClasspath,runtimeClasspath,testCompileClasspath,testRuntimeClasspath
empty=archives,developmentOnly,testAnnotationProcessor
