# This is a Gradle generated file for dependency locking.
# Manual edits can break the build and are not advised.
# This file is expected to be part of source control.
antlr:antlr:2.7.7=default,productionRuntimeClasspath,runtimeClasspath,testRuntimeClasspath
ch.qos.logback:logback-access:1.2.11=default,productionRuntimeClasspath,runtimeClasspath,testRuntimeClasspath
ch.qos.logback:logback-classic:1.2.11=compileClasspath,default,productionRuntimeClasspath,runtimeClasspath,testCompileClasspath,testRuntimeClasspath
ch.qos.logback:logback-core:1.2.11=compileClasspath,default,productionRuntimeClasspath,runtimeClasspath,testCompileClasspath,testRuntimeClasspath
com.fasterxml.jackson.core:jackson-annotations:2.13.2=compileClasspath,default,productionRuntimeClasspath,runtimeClasspath,testCompileClasspath,testRuntimeClasspath
com.fasterxml.jackson.core:jackson-core:2.13.2=compileClasspath,default,productionRuntimeClasspath,runtimeClasspath,testCompileClasspath,testRuntimeClasspath
com.fasterxml.jackson.core:jackson-databind:2.13.2=compileClasspath,default,productionRuntimeClasspath,runtimeClasspath,testCompileClasspath,testRuntimeClasspath
com.fasterxml.jackson.dataformat:jackson-dataformat-yaml:2.13.2=compileClasspath,default,productionRuntimeClasspath,runtimeClasspath,testCompileClasspath,testRuntimeClasspath
com.fasterxml.jackson.datatype:jackson-datatype-jdk8:2.13.2=compileClasspath,default,productionRuntimeClasspath,runtimeClasspath,testCompileClasspath,testRuntimeClasspath
com.fasterxml.jackson.datatype:jackson-datatype-jsr310:2.13.2=compileClasspath,default,productionRuntimeClasspath,runtimeClasspath,testCompileClasspath,testRuntimeClasspath
com.fasterxml.jackson.module:jackson-module-parameter-names:2.13.2=compileClasspath,default,productionRuntimeClasspath,runtimeClasspath,testCompileClasspath,testRuntimeClasspath
com.fasterxml.jackson:jackson-bom:2.13.2=compileClasspath,default,productionRuntimeClasspath,runtimeClasspath,testCompileClasspath,testRuntimeClasspath
com.fasterxml.woodstox:woodstox-core:6.2.1=compileClasspath,default,productionRuntimeClasspath,runtimeClasspath,testCompileClasspath,testRuntimeClasspath
com.fasterxml:classmate:1.5.1=compileClasspath,default,productionRuntimeClasspath,runtimeClasspath,testCompileClasspath,testRuntimeClasspath
com.google.code.findbugs:jsr305:3.0.2=compileClasspath,default,productionRuntimeClasspath,runtimeClasspath,testCompileClasspath,testRuntimeClasspath
com.google.code.gson:gson:2.8.9=default,productionRuntimeClasspath,runtimeClasspath,testRuntimeClasspath
com.google.errorprone:error_prone_annotations:2.11.0=default,productionRuntimeClasspath,runtimeClasspath,testRuntimeClasspath
com.google.guava:failureaccess:1.0.1=default,productionRuntimeClasspath,runtimeClasspath,testRuntimeClasspath
com.google.guava:guava:19.0=compileClasspath,testCompileClasspath
com.google.guava:guava:31.1-jre=default,productionRuntimeClasspath,runtimeClasspath,testRuntimeClasspath
com.google.guava:listenablefuture:9999.0-empty-to-avoid-conflict-with-guava=default,productionRuntimeClasspath,runtimeClasspath,testRuntimeClasspath
com.google.inject:guice:4.1.0=compileClasspath,default,productionRuntimeClasspath,runtimeClasspath,testCompileClasspath,testRuntimeClasspath
com.google.j2objc:j2objc-annotations:1.3=default,productionRuntimeClasspath,runtimeClasspath,testRuntimeClasspath
com.googlecode.json-simple:json-simple:1.1.1=default,productionRuntimeClasspath,runtimeClasspath,testRuntimeClasspath
com.jayway.jsonpath:json-path:2.6.0=compileClasspath,default,productionRuntimeClasspath,runtimeClasspath,testCompileClasspath,testRuntimeClasspath
com.netflix.eureka:eureka-client:1.10.17=compileClasspath,default,productionRuntimeClasspath,runtimeClasspath,testCompileClasspath,testRuntimeClasspath
com.netflix.eureka:eureka-core:1.10.17=compileClasspath,default,productionRuntimeClasspath,runtimeClasspath,testCompileClasspath,testRuntimeClasspath
com.netflix.netflix-commons:netflix-eventbus:0.3.0=compileClasspath,default,productionRuntimeClasspath,runtimeClasspath,testCompileClasspath,testRuntimeClasspath
com.netflix.netflix-commons:netflix-infix:0.3.0=default,productionRuntimeClasspath,runtimeClasspath,testRuntimeClasspath
com.netflix.servo:servo-core:0.12.21=compileClasspath,default,productionRuntimeClasspath,runtimeClasspath,testCompileClasspath,testRuntimeClasspath
com.squareup.okhttp3:okhttp:4.9.2=compileClasspath,default,productionRuntimeClasspath,runtimeClasspath,testCompileClasspath,testRuntimeClasspath
com.squareup.okio:okio:2.8.0=compileClasspath,default,productionRuntimeClasspath,runtimeClasspath,testCompileClasspath,testRuntimeClasspath
com.stoyanr:evictor:1.0.0=compileClasspath,default,productionRuntimeClasspath,runtimeClasspath,testCompileClasspath,testRuntimeClasspath
com.sun.jersey.contribs:jersey-apache-client4:1.19.1=compileClasspath,default,productionRuntimeClasspath,runtimeClasspath,testCompileClasspath,testRuntimeClasspath
com.sun.jersey:jersey-client:1.19.1=compileClasspath,default,productionRuntimeClasspath,runtimeClasspath,testCompileClasspath,testRuntimeClasspath
com.sun.jersey:jersey-core:1.19.1=compileClasspath,default,productionRuntimeClasspath,runtimeClasspath,testCompileClasspath,testRuntimeClasspath
com.thoughtworks.xstream:xstream:1.4.18=compileClasspath,default,productionRuntimeClasspath,runtimeClasspath,testCompileClasspath,testRuntimeClasspath
com.vaadin.external.google:android-json:0.0.20131108.vaadin1=testCompileClasspath,testRuntimeClasspath
commons-codec:commons-codec:1.15=compileClasspath,default,productionRuntimeClasspath,runtimeClasspath,testCompileClasspath,testRuntimeClasspath
commons-configuration:commons-configuration:1.10=compileClasspath,default,productionRuntimeClasspath,runtimeClasspath,testCompileClasspath,testRuntimeClasspath
commons-fileupload:commons-fileupload:1.4=compileClasspath,default,productionRuntimeClasspath,runtimeClasspath,testCompileClasspath,testRuntimeClasspath
commons-io:commons-io:2.2=compileClasspath,default,productionRuntimeClasspath,runtimeClasspath,testCompileClasspath,testRuntimeClasspath
commons-jxpath:commons-jxpath:1.3=default,productionRuntimeClasspath,runtimeClasspath,testRuntimeClasspath
commons-lang:commons-lang:2.6=compileClasspath,default,productionRuntimeClasspath,runtimeClasspath,testCompileClasspath,testRuntimeClasspath
io.github.classgraph:classgraph:4.8.138=compileClasspath,default,productionRuntimeClasspath,runtimeClasspath,testCompileClasspath,testRuntimeClasspath
io.github.openfeign.form:feign-form-spring:3.8.0=compileClasspath,default,productionRuntimeClasspath,runtimeClasspath,testCompileClasspath,testRuntimeClasspath
io.github.openfeign.form:feign-form:3.8.0=compileClasspath,default,productionRuntimeClasspath,runtimeClasspath,testCompileClasspath,testRuntimeClasspath
io.github.openfeign:feign-core:11.8=compileClasspath,default,productionRuntimeClasspath,runtimeClasspath,testCompileClasspath,testRuntimeClasspath
io.github.openfeign:feign-micrometer:11.8=compileClasspath,default,productionRuntimeClasspath,runtimeClasspath,testCompileClasspath,testRuntimeClasspath
io.github.openfeign:feign-okhttp:11.8=compileClasspath,default,productionRuntimeClasspath,runtimeClasspath,testCompileClasspath,testRuntimeClasspath
io.github.openfeign:feign-slf4j:11.8=compileClasspath,default,productionRuntimeClasspath,runtimeClasspath,testCompileClasspath,testRuntimeClasspath
io.github.x-stream:mxparser:1.2.2=compileClasspath,default,productionRuntimeClasspath,runtimeClasspath,testCompileClasspath,testRuntimeClasspath
io.micrometer:micrometer-core:1.8.4=compileClasspath,default,productionRuntimeClasspath,runtimeClasspath,testCompileClasspath,testRuntimeClasspath
io.micrometer:micrometer-registry-prometheus:1.8.4=compileClasspath,default,productionRuntimeClasspath,runtimeClasspath,testCompileClasspath,testRuntimeClasspath
io.projectreactor.addons:reactor-extra:3.4.7=compileClasspath,default,productionRuntimeClasspath,runtimeClasspath,testCompileClasspath,testRuntimeClasspath
io.projectreactor:reactor-core:3.4.16=compileClasspath,default,productionRuntimeClasspath,runtimeClasspath,testCompileClasspath,testRuntimeClasspath
io.prometheus:simpleclient:0.12.0=compileClasspath,default,productionRuntimeClasspath,runtimeClasspath,testCompileClasspath,testRuntimeClasspath
io.prometheus:simpleclient_common:0.12.0=compileClasspath,default,productionRuntimeClasspath,runtimeClasspath,testCompileClasspath,testRuntimeClasspath
io.prometheus:simpleclient_tracer_common:0.12.0=compileClasspath,default,productionRuntimeClasspath,runtimeClasspath,testCompileClasspath,testRuntimeClasspath
io.prometheus:simpleclient_tracer_otel:0.12.0=compileClasspath,default,productionRuntimeClasspath,runtimeClasspath,testCompileClasspath,testRuntimeClasspath
io.prometheus:simpleclient_tracer_otel_agent:0.12.0=compileClasspath,default,productionRuntimeClasspath,runtimeClasspath,testCompileClasspath,testRuntimeClasspath
io.swagger.core.v3:swagger-annotations:2.1.12=compileClasspath,default,productionRuntimeClasspath,runtimeClasspath,testCompileClasspath,testRuntimeClasspath
io.swagger.core.v3:swagger-core:2.1.12=compileClasspath,default,productionRuntimeClasspath,runtimeClasspath,testCompileClasspath,testRuntimeClasspath
io.swagger.core.v3:swagger-models:2.1.12=compileClasspath,default,productionRuntimeClasspath,runtimeClasspath,testCompileClasspath,testRuntimeClasspath
io.zipkin.aws:brave-propagation-aws:0.21.3=compileClasspath,default,productionRuntimeClasspath,runtimeClasspath,testCompileClasspath,testRuntimeClasspath
io.zipkin.brave:brave-context-slf4j:5.13.7=compileClasspath,default,productionRuntimeClasspath,runtimeClasspath,testCompileClasspath,testRuntimeClasspath
io.zipkin.brave:brave-instrumentation-http:5.13.7=compileClasspath,default,productionRuntimeClasspath,runtimeClasspath,testCompileClasspath,testRuntimeClasspath
io.zipkin.brave:brave-instrumentation-httpasyncclient:5.13.7=compileClasspath,default,productionRuntimeClasspath,runtimeClasspath,testCompileClasspath,testRuntimeClasspath
io.zipkin.brave:brave-instrumentation-httpclient:5.13.7=compileClasspath,default,productionRuntimeClasspath,runtimeClasspath,testCompileClasspath,testRuntimeClasspath
io.zipkin.brave:brave-instrumentation-jms:5.13.7=compileClasspath,default,productionRuntimeClasspath,runtimeClasspath,testCompileClasspath,testRuntimeClasspath
io.zipkin.brave:brave-instrumentation-kafka-clients:5.13.7=compileClasspath,default,productionRuntimeClasspath,runtimeClasspath,testCompileClasspath,testRuntimeClasspath
io.zipkin.brave:brave-instrumentation-kafka-streams:5.13.7=compileClasspath,default,productionRuntimeClasspath,runtimeClasspath,testCompileClasspath,testRuntimeClasspath
io.zipkin.brave:brave-instrumentation-messaging:5.13.7=compileClasspath,default,productionRuntimeClasspath,runtimeClasspath,testCompileClasspath,testRuntimeClasspath
io.zipkin.brave:brave-instrumentation-mongodb:5.13.7=compileClasspath,default,productionRuntimeClasspath,runtimeClasspath,testCompileClasspath,testRuntimeClasspath
io.zipkin.brave:brave-instrumentation-rpc:5.13.7=compileClasspath,default,productionRuntimeClasspath,runtimeClasspath,testCompileClasspath,testRuntimeClasspath
io.zipkin.brave:brave-instrumentation-spring-rabbit:5.13.7=compileClasspath,default,productionRuntimeClasspath,runtimeClasspath,testCompileClasspath,testRuntimeClasspath
io.zipkin.brave:brave:5.13.7=compileClasspath,default,productionRuntimeClasspath,runtimeClasspath,testCompileClasspath,testRuntimeClasspath
io.zipkin.reporter2:zipkin-reporter-brave:2.16.3=compileClasspath,default,productionRuntimeClasspath,runtimeClasspath,testCompileClasspath,testRuntimeClasspath
io.zipkin.reporter2:zipkin-reporter-metrics-micrometer:2.16.3=compileClasspath,default,productionRuntimeClasspath,runtimeClasspath,testCompileClasspath,testRuntimeClasspath
io.zipkin.reporter2:zipkin-reporter:2.16.3=compileClasspath,default,productionRuntimeClasspath,runtimeClasspath,testCompileClasspath,testRuntimeClasspath
io.zipkin.reporter2:zipkin-sender-activemq-client:2.16.3=compileClasspath,default,productionRuntimeClasspath,runtimeClasspath,testCompileClasspath,testRuntimeClasspath
io.zipkin.reporter2:zipkin-sender-amqp-client:2.16.3=compileClasspath,default,productionRuntimeClasspath,runtimeClasspath,testCompileClasspath,testRuntimeClasspath
io.zipkin.reporter2:zipkin-sender-kafka:2.16.3=compileClasspath,default,productionRuntimeClasspath,runtimeClasspath,testCompileClasspath,testRuntimeClasspath
io.zipkin.zipkin2:zipkin:2.23.2=compileClasspath,default,productionRuntimeClasspath,runtimeClasspath,testCompileClasspath,testRuntimeClasspath
jakarta.activation:jakarta.activation-api:1.2.2=compileClasspath,default,productionRuntimeClasspath,runtimeClasspath,testCompileClasspath,testRuntimeClasspath
jakarta.annotation:jakarta.annotation-api:1.3.5=compileClasspath,default,productionRuntimeClasspath,runtimeClasspath,testCompileClasspath,testRuntimeClasspath
jakarta.validation:jakarta.validation-api:2.0.2=compileClasspath,default,productionRuntimeClasspath,runtimeClasspath,testCompileClasspath,testRuntimeClasspath
jakarta.xml.bind:jakarta.xml.bind-api:2.3.3=compileClasspath,default,productionRuntimeClasspath,runtimeClasspath,testCompileClasspath,testRuntimeClasspath
javax.inject:javax.inject:1=compileClasspath,default,productionRuntimeClasspath,runtimeClasspath,testCompileClasspath,testRuntimeClasspath
javax.validation:validation-api:2.0.1.Final=default,productionRuntimeClasspath,runtimeClasspath,testRuntimeClasspath
javax.ws.rs:jsr311-api:1.1.1=compileClasspath,default,productionRuntimeClasspath,runtimeClasspath,testCompileClasspath,testRuntimeClasspath
joda-time:joda-time:2.3=default,productionRuntimeClasspath,runtimeClasspath,testRuntimeClasspath
net.bytebuddy:byte-buddy-agent:1.11.22=testCompileClasspath,testRuntimeClasspath
net.bytebuddy:byte-buddy:1.11.22=testCompileClasspath,testRuntimeClasspath
net.minidev:accessors-smart:2.4.8=compileClasspath,default,productionRuntimeClasspath,runtimeClasspath,testCompileClasspath,testRuntimeClasspath
net.minidev:json-smart:2.4.8=compileClasspath,default,productionRuntimeClasspath,runtimeClasspath,testCompileClasspath,testRuntimeClasspath
ognl:ognl:3.1.26=compileClasspath,default,productionRuntimeClasspath,runtimeClasspath,testCompileClasspath,testRuntimeClasspath
org.antlr:antlr-runtime:3.4=default,productionRuntimeClasspath,runtimeClasspath,testRuntimeClasspath
org.antlr:stringtemplate:3.2.1=default,productionRuntimeClasspath,runtimeClasspath,testRuntimeClasspath
org.apache.commons:commons-lang3:3.12.0=compileClasspath,default,productionRuntimeClasspath,runtimeClasspath,testCompileClasspath,testRuntimeClasspath
org.apache.commons:commons-math:2.2=default,productionRuntimeClasspath,runtimeClasspath,testRuntimeClasspath
org.apache.httpcomponents:httpasyncclient:4.1.5=compileClasspath,default,productionRuntimeClasspath,runtimeClasspath,testCompileClasspath,testRuntimeClasspath
org.apache.httpcomponents:httpclient:4.5.13=compileClasspath,default,productionRuntimeClasspath,runtimeClasspath,testCompileClasspath,testRuntimeClasspath
org.apache.httpcomponents:httpcore-nio:4.4.15=compileClasspath,default,productionRuntimeClasspath,runtimeClasspath,testCompileClasspath,testRuntimeClasspath
org.apache.httpcomponents:httpcore:4.4.15=compileClasspath,default,productionRuntimeClasspath,runtimeClasspath,testCompileClasspath,testRuntimeClasspath
org.apache.logging.log4j:log4j-api:2.17.2=compileClasspath,default,productionRuntimeClasspath,runtimeClasspath,testCompileClasspath,testRuntimeClasspath
org.apache.logging.log4j:log4j-to-slf4j:2.17.2=compileClasspath,default,productionRuntimeClasspath,runtimeClasspath,testCompileClasspath,testRuntimeClasspath
org.apache.tomcat.embed:tomcat-embed-core:9.0.60=compileClasspath,default,productionRuntimeClasspath,runtimeClasspath,testCompileClasspath,testRuntimeClasspath
org.apache.tomcat.embed:tomcat-embed-el:9.0.60=compileClasspath,default,productionRuntimeClasspath,runtimeClasspath,testCompileClasspath,testRuntimeClasspath
org.apache.tomcat.embed:tomcat-embed-websocket:9.0.60=compileClasspath,default,productionRuntimeClasspath,runtimeClasspath,testCompileClasspath,testRuntimeClasspath
org.apache.tomcat:tomcat-annotations-api:9.0.60=default,productionRuntimeClasspath,runtimeClasspath,testRuntimeClasspath
org.apiguardian:apiguardian-api:1.1.2=compileClasspath,default,productionRuntimeClasspath,runtimeClasspath,testCompileClasspath,testRuntimeClasspath
org.aspectj:aspectjrt:1.9.7=compileClasspath,default,productionRuntimeClasspath,runtimeClasspath,testCompileClasspath,testRuntimeClasspath
org.aspectj:aspectjweaver:1.9.7=compileClasspath,default,productionRuntimeClasspath,runtimeClasspath,testCompileClasspath,testRuntimeClasspath
org.assertj:assertj-core:3.21.0=testCompileClasspath,testRuntimeClasspath
org.atteo:evo-inflector:1.3=compileClasspath,default,productionRuntimeClasspath,runtimeClasspath,testCompileClasspath,testRuntimeClasspath
org.attoparser:attoparser:2.0.5.RELEASE=compileClasspath,default,productionRuntimeClasspath,runtimeClasspath,testCompileClasspath,testRuntimeClasspath
org.bouncycastle:bcpkix-jdk15on:1.68=compileClasspath,default,productionRuntimeClasspath,runtimeClasspath,testCompileClasspath,testRuntimeClasspath
org.bouncycastle:bcprov-jdk15on:1.68=compileClasspath,default,productionRuntimeClasspath,runtimeClasspath,testCompileClasspath,testRuntimeClasspath
org.checkerframework:checker-qual:3.12.0=default,productionRuntimeClasspath,runtimeClasspath,testRuntimeClasspath
org.codehaus.jettison:jettison:1.4.0=default,productionRuntimeClasspath,runtimeClasspath,testRuntimeClasspath
org.codehaus.woodstox:stax2-api:4.2.1=compileClasspath,default,productionRuntimeClasspath,runtimeClasspath,testCompileClasspath,testRuntimeClasspath
org.hamcrest:hamcrest:2.2=testCompileClasspath,testRuntimeClasspath
org.hdrhistogram:HdrHistogram:2.1.12=compileClasspath,default,productionRuntimeClasspath,runtimeClasspath,testCompileClasspath,testRuntimeClasspath
org.hibernate.validator:hibernate-validator:6.2.3.Final=compileClasspath,default,productionRuntimeClasspath,runtimeClasspath,testCompileClasspath,testRuntimeClasspath
org.javassist:javassist:3.20.0-GA=compileClasspath,default,productionRuntimeClasspath,runtimeClasspath,testCompileClasspath,testRuntimeClasspath
org.jboss.logging:jboss-logging:3.4.3.Final=compileClasspath,default,productionRuntimeClasspath,runtimeClasspath,testCompileClasspath,testRuntimeClasspath
org.jetbrains.kotlin:kotlin-stdlib-common:1.6.10=compileClasspath,default,productionRuntimeClasspath,runtimeClasspath,testCompileClasspath,testRuntimeClasspath
org.jetbrains.kotlin:kotlin-stdlib:1.6.10=compileClasspath,default,productionRuntimeClasspath,runtimeClasspath,testCompileClasspath,testRuntimeClasspath
org.jetbrains:annotations:13.0=compileClasspath,default,productionRuntimeClasspath,runtimeClasspath,testCompileClasspath,testRuntimeClasspath
org.jolokia:jolokia-core:1.7.1=default,productionRuntimeClasspath,runtimeClasspath,testRuntimeClasspath
org.junit.jupiter:junit-jupiter-api:5.8.2=testCompileClasspath,testRuntimeClasspath
org.junit.jupiter:junit-jupiter-engine:5.8.2=testRuntimeClasspath
org.junit.jupiter:junit-jupiter-params:5.8.2=testCompileClasspath,testRuntimeClasspath
org.junit.jupiter:junit-jupiter:5.8.2=testCompileClasspath,testRuntimeClasspath
org.junit.platform:junit-platform-commons:1.8.2=testCompileClasspath,testRuntimeClasspath
org.junit.platform:junit-platform-engine:1.8.2=testRuntimeClasspath
org.junit:junit-bom:5.8.2=testCompileClasspath,testRuntimeClasspath
org.latencyutils:LatencyUtils:2.0.3=default,productionRuntimeClasspath,runtimeClasspath,testRuntimeClasspath
org.mockito:mockito-core:4.0.0=testCompileClasspath,testRuntimeClasspath
org.mockito:mockito-junit-jupiter:4.0.0=testCompileClasspath,testRuntimeClasspath
org.objenesis:objenesis:3.2=testRuntimeClasspath
org.opentest4j:opentest4j:1.2.0=testCompileClasspath,testRuntimeClasspath
org.organicdesign:Paguro:3.1.4=compileClasspath,default,productionRuntimeClasspath,runtimeClasspath,testCompileClasspath,testRuntimeClasspath
org.ow2.asm:asm:9.1=compileClasspath,default,productionRuntimeClasspath,runtimeClasspath,testCompileClasspath,testRuntimeClasspath
org.projectlombok:lombok:1.18.22=annotationProcessor,compileClasspath
org.reactivestreams:reactive-streams:1.0.3=compileClasspath,default,productionRuntimeClasspath,runtimeClasspath,testCompileClasspath,testRuntimeClasspath
org.skyscreamer:jsonassert:1.5.0=testCompileClasspath,testRuntimeClasspath
org.slf4j:jul-to-slf4j:1.7.36=compileClasspath,default,productionRuntimeClasspath,runtimeClasspath,testCompileClasspath,testRuntimeClasspath
org.slf4j:slf4j-api:1.7.36=compileClasspath,default,productionRuntimeClasspath,runtimeClasspath,testCompileClasspath,testRuntimeClasspath
org.springdoc:springdoc-openapi-common:1.6.6=compileClasspath,default,productionRuntimeClasspath,runtimeClasspath,testCompileClasspath,testRuntimeClasspath
org.springdoc:springdoc-openapi-data-rest:1.6.6=compileClasspath,default,productionRuntimeClasspath,runtimeClasspath,testCompileClasspath,testRuntimeClasspath
org.springdoc:springdoc-openapi-hateoas:1.6.6=compileClasspath,default,productionRuntimeClasspath,runtimeClasspath,testCompileClasspath,testRuntimeClasspath
org.springdoc:springdoc-openapi-ui:1.6.6=compileClasspath,default,productionRuntimeClasspath,runtimeClasspath,testCompileClasspath,testRuntimeClasspath
org.springdoc:springdoc-openapi-webmvc-core:1.6.6=compileClasspath,default,productionRuntimeClasspath,runtimeClasspath,testCompileClasspath,testRuntimeClasspath
org.springframework.boot:spring-boot-actuator-autoconfigure:2.6.5=compileClasspath,default,productionRuntimeClasspath,runtimeClasspath,testCompileClasspath,testRuntimeClasspath
org.springframework.boot:spring-boot-actuator:2.6.5=compileClasspath,default,productionRuntimeClasspath,runtimeClasspath,testCompileClasspath,testRuntimeClasspath
org.springframework.boot:spring-boot-autoconfigure:2.6.5=compileClasspath,default,productionRuntimeClasspath,runtimeClasspath,testCompileClasspath,testRuntimeClasspath
org.springframework.boot:spring-boot-dependencies:2.6.5=annotationProcessor,compileClasspath,default,productionRuntimeClasspath,runtimeClasspath,testCompileClasspath,testRuntimeClasspath
org.springframework.boot:spring-boot-devtools:2.6.5=compileClasspath
org.springframework.boot:spring-boot-starter-actuator:2.6.5=compileClasspath,default,productionRuntimeClasspath,runtimeClasspath,testCompileClasspath,testRuntimeClasspath
org.springframework.boot:spring-boot-starter-aop:2.6.5=compileClasspath,default,productionRuntimeClasspath,runtimeClasspath,testCompileClasspath,testRuntimeClasspath
org.springframework.boot:spring-boot-starter-cache:2.6.5=compileClasspath,default,productionRuntimeClasspath,runtimeClasspath,testCompileClasspath,testRuntimeClasspath
org.springframework.boot:spring-boot-starter-data-rest:2.6.5=compileClasspath,default,productionRuntimeClasspath,runtimeClasspath,testCompileClasspath,testRuntimeClasspath
org.springframework.boot:spring-boot-starter-hateoas:2.6.5=compileClasspath,default,productionRuntimeClasspath,runtimeClasspath,testCompileClasspath,testRuntimeClasspath
org.springframework.boot:spring-boot-starter-json:2.6.5=compileClasspath,default,productionRuntimeClasspath,runtimeClasspath,testCompileClasspath,testRuntimeClasspath
org.springframework.boot:spring-boot-starter-logging:2.6.5=compileClasspath,default,productionRuntimeClasspath,runtimeClasspath,testCompileClasspath,testRuntimeClasspath
org.springframework.boot:spring-boot-starter-test:2.6.5=testCompileClasspath,testRuntimeClasspath
org.springframework.boot:spring-boot-starter-thymeleaf:2.6.5=compileClasspath,default,productionRuntimeClasspath,runtimeClasspath,testCompileClasspath,testRuntimeClasspath
org.springframework.boot:spring-boot-starter-tomcat:2.6.5=compileClasspath,default,productionRuntimeClasspath,runtimeClasspath,testCompileClasspath,testRuntimeClasspath
org.springframework.boot:spring-boot-starter-validation:2.6.5=compileClasspath,default,productionRuntimeClasspath,runtimeClasspath,testCompileClasspath,testRuntimeClasspath
org.springframework.boot:spring-boot-starter-web:2.6.5=compileClasspath,default,productionRuntimeClasspath,runtimeClasspath,testCompileClasspath,testRuntimeClasspath
org.springframework.boot:spring-boot-starter:2.6.5=compileClasspath,default,productionRuntimeClasspath,runtimeClasspath,testCompileClasspath,testRuntimeClasspath
org.springframework.boot:spring-boot-test-autoconfigure:2.6.5=testCompileClasspath,testRuntimeClasspath
org.springframework.boot:spring-boot-test:2.6.5=testCompileClasspath,testRuntimeClasspath
org.springframework.boot:spring-boot:2.6.5=compileClasspath,default,productionRuntimeClasspath,runtimeClasspath,testCompileClasspath,testRuntimeClasspath
org.springframework.cloud:spring-cloud-commons:3.1.1=compileClasspath,default,productionRuntimeClasspath,runtimeClasspath,testCompileClasspath,testRuntimeClasspath
org.springframework.cloud:spring-cloud-context:3.1.1=compileClasspath,default,productionRuntimeClasspath,runtimeClasspath,testCompileClasspath,testRuntimeClasspath
org.springframework.cloud:spring-cloud-dependencies:2021.0.1=annotationProcessor,compileClasspath,default,productionRuntimeClasspath,runtimeClasspath,testCompileClasspath,testRuntimeClasspath
org.springframework.cloud:spring-cloud-loadbalancer:3.1.1=compileClasspath,default,productionRuntimeClasspath,runtimeClasspath,testCompileClasspath,testRuntimeClasspath
org.springframework.cloud:spring-cloud-netflix-eureka-client:3.1.1=compileClasspath,default,productionRuntimeClasspath,runtimeClasspath,testCompileClasspath,testRuntimeClasspath
org.springframework.cloud:spring-cloud-openfeign-core:3.1.1=compileClasspath,default,productionRuntimeClasspath,runtimeClasspath,testCompileClasspath,testRuntimeClasspath
org.springframework.cloud:spring-cloud-sleuth-api:3.1.1=compileClasspath,default,productionRuntimeClasspath,runtimeClasspath,testCompileClasspath,testRuntimeClasspath
org.springframework.cloud:spring-cloud-sleuth-autoconfigure:3.1.1=compileClasspath,default,productionRuntimeClasspath,runtimeClasspath,testCompileClasspath,testRuntimeClasspath
org.springframework.cloud:spring-cloud-sleuth-brave:3.1.1=compileClasspath,default,productionRuntimeClasspath,runtimeClasspath,testCompileClasspath,testRuntimeClasspath
org.springframework.cloud:spring-cloud-sleuth-instrumentation:3.1.1=compileClasspath,default,productionRuntimeClasspath,runtimeClasspath,testCompileClasspath,testRuntimeClasspath
org.springframework.cloud:spring-cloud-sleuth-zipkin:3.1.1=compileClasspath,default,productionRuntimeClasspath,runtimeClasspath,testCompileClasspath,testRuntimeClasspath
org.springframework.cloud:spring-cloud-starter-loadbalancer:3.1.1=compileClasspath,default,productionRuntimeClasspath,runtimeClasspath,testCompileClasspath,testRuntimeClasspath
org.springframework.cloud:spring-cloud-starter-netflix-eureka-client:3.1.1=compileClasspath,default,productionRuntimeClasspath,runtimeClasspath,testCompileClasspath,testRuntimeClasspath
org.springframework.cloud:spring-cloud-starter-openfeign:3.1.1=compileClasspath,default,productionRuntimeClasspath,runtimeClasspath,testCompileClasspath,testRuntimeClasspath
org.springframework.cloud:spring-cloud-starter-sleuth:3.1.1=compileClasspath,default,productionRuntimeClasspath,runtimeClasspath,testCompileClasspath,testRuntimeClasspath
org.springframework.cloud:spring-cloud-starter:3.1.1=compileClasspath,default,productionRuntimeClasspath,runtimeClasspath,testCompileClasspath,testRuntimeClasspath
org.springframework.data:spring-data-bom:2021.1.3=annotationProcessor,compileClasspath,default,productionRuntimeClasspath,runtimeClasspath,testCompileClasspath,testRuntimeClasspath
org.springframework.data:spring-data-commons:2.6.3=compileClasspath,default,productionRuntimeClasspath,runtimeClasspath,testCompileClasspath,testRuntimeClasspath
org.springframework.data:spring-data-rest-core:3.6.3=compileClasspath,default,productionRuntimeClasspath,runtimeClasspath,testCompileClasspath,testRuntimeClasspath
org.springframework.data:spring-data-rest-webmvc:3.6.3=compileClasspath,default,productionRuntimeClasspath,runtimeClasspath,testCompileClasspath,testRuntimeClasspath
org.springframework.hateoas:spring-hateoas:1.4.1=compileClasspath,default,productionRuntimeClasspath,runtimeClasspath,testCompileClasspath,testRuntimeClasspath
org.springframework.plugin:spring-plugin-core:2.0.0.RELEASE=compileClasspath,default,productionRuntimeClasspath,runtimeClasspath,testCompileClasspath,testRuntimeClasspath
org.springframework.security:spring-security-crypto:5.6.2=compileClasspath,default,productionRuntimeClasspath,runtimeClasspath,testCompileClasspath,testRuntimeClasspath
org.springframework.security:spring-security-rsa:1.0.10.RELEASE=compileClasspath,default,productionRuntimeClasspath,runtimeClasspath,testCompileClasspath,testRuntimeClasspath
org.springframework:spring-aop:5.3.17=compileClasspath,default,productionRuntimeClasspath,runtimeClasspath,testCompileClasspath,testRuntimeClasspath
org.springframework:spring-beans:5.3.17=compileClasspath,default,productionRuntimeClasspath,runtimeClasspath,testCompileClasspath,testRuntimeClasspath
org.springframework:spring-context-support:5.3.17=compileClasspath,default,productionRuntimeClasspath,runtimeClasspath,testCompileClasspath,testRuntimeClasspath
org.springframework:spring-context:5.3.17=compileClasspath,default,productionRuntimeClasspath,runtimeClasspath,testCompileClasspath,testRuntimeClasspath
org.springframework:spring-core:5.3.17=compileClasspath,default,productionRuntimeClasspath,runtimeClasspath,testCompileClasspath,testRuntimeClasspath
org.springframework:spring-expression:5.3.17=compileClasspath,default,productionRuntimeClasspath,runtimeClasspath,testCompileClasspath,testRuntimeClasspath
org.springframework:spring-jcl:5.3.17=compileClasspath,default,productionRuntimeClasspath,runtimeClasspath,testCompileClasspath,testRuntimeClasspath
org.springframework:spring-test:5.3.17=testCompileClasspath,testRuntimeClasspath
org.springframework:spring-tx:5.3.17=compileClasspath,default,productionRuntimeClasspath,runtimeClasspath,testCompileClasspath,testRuntimeClasspath
org.springframework:spring-web:5.3.17=compileClasspath,default,productionRuntimeClasspath,runtimeClasspath,testCompileClasspath,testRuntimeClasspath
org.springframework:spring-webmvc:5.3.17=compileClasspath,default,productionRuntimeClasspath,runtimeClasspath,testCompileClasspath,testRuntimeClasspath
org.thymeleaf.extras:thymeleaf-extras-java8time:3.0.4.RELEASE=compileClasspath,default,productionRuntimeClasspath,runtimeClasspath,testCompileClasspath,testRuntimeClasspath
org.thymeleaf:thymeleaf-spring5:3.0.15.RELEASE=compileClasspath,default,productionRuntimeClasspath,runtimeClasspath,testCompileClasspath,testRuntimeClasspath
org.thymeleaf:thymeleaf:3.0.15.RELEASE=compileClasspath,default,productionRuntimeClasspath,runtimeClasspath,testCompileClasspath,testRuntimeClasspath
org.unbescape:unbescape:1.1.6.RELEASE=compileClasspath,default,productionRuntimeClasspath,runtimeClasspath,testCompileClasspath,testRuntimeClasspath
org.webjars:swagger-ui:4.5.0=compileClasspath,default,productionRuntimeClasspath,runtimeClasspath,testCompileClasspath,testRuntimeClasspath
org.webjars:webjars-locator-core:0.48=compileClasspath,default,productionRuntimeClasspath,runtimeClasspath,testCompileClasspath,testRuntimeClasspath
org.xmlunit:xmlunit-core:2.8.4=testCompileClasspath,testRuntimeClasspath
org.yaml:snakeyaml:1.30=compileClasspath,default,productionRuntimeClasspath,runtimeClasspath,testCompileClasspath,testRuntimeClasspath
org.zalando:faux-pas:0.9.0=compileClasspath,default,productionRuntimeClasspath,runtimeClasspath,testCompileClasspath,testRuntimeClasspath
org.zalando:logbook-api:2.14.0=compileClasspath,default,productionRuntimeClasspath,runtimeClasspath,testCompileClasspath,testRuntimeClasspath
org.zalando:logbook-bom:2.14.0=annotationProcessor,compileClasspath,default,productionRuntimeClasspath,runtimeClasspath,testCompileClasspath,testRuntimeClasspath
org.zalando:logbook-common:2.14.0=compileClasspath,default,productionRuntimeClasspath,runtimeClasspath,testCompileClasspath,testRuntimeClasspath
org.zalando:logbook-core:2.14.0=compileClasspath,default,productionRuntimeClasspath,runtimeClasspath,testCompileClasspath,testRuntimeClasspath
org.zalando:logbook-httpclient:2.14.0=compileClasspath,default,productionRuntimeClasspath,runtimeClasspath,testCompileClasspath,testRuntimeClasspath
org.zalando:logbook-json:2.14.0=compileClasspath,default,productionRuntimeClasspath,runtimeClasspath,testCompileClasspath,testRuntimeClasspath
org.zalando:logbook-okhttp:2.14.0=compileClasspath,default,productionRuntimeClasspath,runtimeClasspath,testCompileClasspath,testRuntimeClasspath
org.zalando:logbook-servlet:2.14.0=compileClasspath,default,productionRuntimeClasspath,runtimeClasspath,testCompileClasspath,testRuntimeClasspath
org.zalando:logbook-spring-boot-autoconfigure:2.14.0=compileClasspath,default,productionRuntimeClasspath,runtimeClasspath,testCompileClasspath,testRuntimeClasspath
org.zalando:logbook-spring-boot-starter:2.14.0=compileClasspath,default,productionRuntimeClasspath,runtimeClasspath,testCompileClasspath,testRuntimeClasspath
org.zalando:logbook-spring:2.14.0=compileClasspath,default,productionRuntimeClasspath,runtimeClasspath,testCompileClasspath,testRuntimeClasspath
xmlpull:xmlpull:1.1.3.1=compileClasspath,default,productionRuntimeClasspath,runtimeClasspath,testCompileClasspath,testRuntimeClasspath
empty=archives,developmentOnly,testAnnotationProcessor
