# This is a Gradle generated file for dependency locking.
# Manual edits can break the build and are not advised.
# This file is expected to be part of source control.
com.fasterxml.jackson.core:jackson-annotations:2.16.1=classpath
com.fasterxml.jackson.core:jackson-core:2.16.1=classpath
com.fasterxml.jackson.core:jackson-databind:2.16.1=classpath
com.fasterxml.jackson:jackson-bom:2.16.1=classpath
com.typesafe:config:1.4.3=classpath
gradle.plugin.io.gatling.gradle:gatling-gradle-plugin:3.10.5.1=classpath
io.gatling:gatling-asm-shaded:9.6=classpath
io.gatling:gatling-enterprise-plugin-commons:1.9.0-M8=classpath
io.gatling:gatling-scanner:1.4.0-M3=classpath
org.apache.ant:ant-launcher:1.10.11=classpath
org.apache.ant:ant:1.10.11=classpath
empty=
